// !$*UTF8*$!
{
	archiveVersion = 1;
	classes = {
	};
	objectVersion = 46;
	objects = {

/* Begin PBXBuildFile section */
		43E41CF8153A0E230073FD83 /* AppCell.m in Sources */ = {isa = PBXBuildFile; fileRef = 43E41C73153A0E230073FD83 /* AppCell.m */; };
		43E41CF9153A0E230073FD83 /* AppCellData.m in Sources */ = {isa = PBXBuildFile; fileRef = 43E41C75153A0E230073FD83 /* AppCellData.m */; };
		43E41CFA153A0E230073FD83 /* AppEndGameButton.m in Sources */ = {isa = PBXBuildFile; fileRef = 43E41C77153A0E230073FD83 /* AppEndGameButton.m */; };
		43E41CFB153A0E230073FD83 /* AppHelper.m in Sources */ = {isa = PBXBuildFile; fileRef = 43E41C79153A0E230073FD83 /* AppHelper.m */; };
		43E41CFC153A0E230073FD83 /* AppHomeNavigationController.m in Sources */ = {isa = PBXBuildFile; fileRef = 43E41C7B153A0E230073FD83 /* AppHomeNavigationController.m */; };
		43E41CFD153A0E230073FD83 /* AppLoginButton.m in Sources */ = {isa = PBXBuildFile; fileRef = 43E41C7D153A0E230073FD83 /* AppLoginButton.m */; };
		43E41CFE153A0E230073FD83 /* AppSettingsViewController.m in Sources */ = {isa = PBXBuildFile; fileRef = 43E41C7F153A0E230073FD83 /* AppSettingsViewController.m */; };
		43E41CFF153A0E230073FD83 /* AppStartViewController.m in Sources */ = {isa = PBXBuildFile; fileRef = 43E41C81153A0E230073FD83 /* AppStartViewController.m */; };
		43E41D00153A0E230073FD83 /* AppTabBarController.m in Sources */ = {isa = PBXBuildFile; fileRef = 43E41C83153A0E230073FD83 /* AppTabBarController.m */; };
		43E41D01153A0E230073FD83 /* ASIAuthenticationDialog.m in Sources */ = {isa = PBXBuildFile; fileRef = 43E41C85153A0E230073FD83 /* ASIAuthenticationDialog.m */; settings = {COMPILER_FLAGS = "-fno-objc-arc"; }; };
		43E41D02153A0E230073FD83 /* ASIDataCompressor.m in Sources */ = {isa = PBXBuildFile; fileRef = 43E41C88153A0E230073FD83 /* ASIDataCompressor.m */; settings = {COMPILER_FLAGS = "-fno-objc-arc"; }; };
		43E41D03153A0E230073FD83 /* ASIDataDecompressor.m in Sources */ = {isa = PBXBuildFile; fileRef = 43E41C8A153A0E230073FD83 /* ASIDataDecompressor.m */; settings = {COMPILER_FLAGS = "-fno-objc-arc"; }; };
		43E41D04153A0E230073FD83 /* ASIDownloadCache.m in Sources */ = {isa = PBXBuildFile; fileRef = 43E41C8C153A0E230073FD83 /* ASIDownloadCache.m */; settings = {COMPILER_FLAGS = "-fno-objc-arc"; }; };
		43E41D05153A0E230073FD83 /* ASIFormDataRequest.m in Sources */ = {isa = PBXBuildFile; fileRef = 43E41C8E153A0E230073FD83 /* ASIFormDataRequest.m */; settings = {COMPILER_FLAGS = "-fno-objc-arc"; }; };
		43E41D06153A0E230073FD83 /* ASIHTTPRequest.m in Sources */ = {isa = PBXBuildFile; fileRef = 43E41C90153A0E230073FD83 /* ASIHTTPRequest.m */; settings = {COMPILER_FLAGS = "-fno-objc-arc"; }; };
		43E41D07153A0E230073FD83 /* ASIInputStream.m in Sources */ = {isa = PBXBuildFile; fileRef = 43E41C94153A0E230073FD83 /* ASIInputStream.m */; settings = {COMPILER_FLAGS = "-fno-objc-arc"; }; };
		43E41D08153A0E230073FD83 /* ASINetworkQueue.m in Sources */ = {isa = PBXBuildFile; fileRef = 43E41C96153A0E230073FD83 /* ASINetworkQueue.m */; settings = {COMPILER_FLAGS = "-fno-objc-arc"; }; };
		43E41D09153A0E230073FD83 /* ASIWebPageRequest.m in Sources */ = {isa = PBXBuildFile; fileRef = 43E41C9A153A0E230073FD83 /* ASIWebPageRequest.m */; settings = {COMPILER_FLAGS = "-fno-objc-arc"; }; };
		43E41D0A153A0E230073FD83 /* camera2.png in Resources */ = {isa = PBXBuildFile; fileRef = 43E41C9B153A0E230073FD83 /* camera2.png */; };
		43E41D0B153A0E230073FD83 /* CameraNavigationController.m in Sources */ = {isa = PBXBuildFile; fileRef = 43E41C9D153A0E230073FD83 /* CameraNavigationController.m */; };
		43E41D0C153A0E230073FD83 /* CameraViewController.m in Sources */ = {isa = PBXBuildFile; fileRef = 43E41C9F153A0E230073FD83 /* CameraViewController.m */; };
		43E41D0D153A0E230073FD83 /* ASICloudFilesCDNRequest.m in Sources */ = {isa = PBXBuildFile; fileRef = 43E41CA2153A0E230073FD83 /* ASICloudFilesCDNRequest.m */; settings = {COMPILER_FLAGS = "-fno-objc-arc"; }; };
		43E41D0E153A0E230073FD83 /* ASICloudFilesContainer.m in Sources */ = {isa = PBXBuildFile; fileRef = 43E41CA4153A0E230073FD83 /* ASICloudFilesContainer.m */; settings = {COMPILER_FLAGS = "-fno-objc-arc"; }; };
		43E41D0F153A0E230073FD83 /* ASICloudFilesContainerRequest.m in Sources */ = {isa = PBXBuildFile; fileRef = 43E41CA6153A0E230073FD83 /* ASICloudFilesContainerRequest.m */; settings = {COMPILER_FLAGS = "-fno-objc-arc"; }; };
		43E41D10153A0E230073FD83 /* ASICloudFilesContainerXMLParserDelegate.m in Sources */ = {isa = PBXBuildFile; fileRef = 43E41CA8153A0E230073FD83 /* ASICloudFilesContainerXMLParserDelegate.m */; settings = {COMPILER_FLAGS = "-fno-objc-arc"; }; };
		43E41D11153A0E230073FD83 /* ASICloudFilesObject.m in Sources */ = {isa = PBXBuildFile; fileRef = 43E41CAA153A0E230073FD83 /* ASICloudFilesObject.m */; settings = {COMPILER_FLAGS = "-fno-objc-arc"; }; };
		43E41D12153A0E230073FD83 /* ASICloudFilesObjectRequest.m in Sources */ = {isa = PBXBuildFile; fileRef = 43E41CAC153A0E230073FD83 /* ASICloudFilesObjectRequest.m */; settings = {COMPILER_FLAGS = "-fno-objc-arc"; }; };
		43E41D13153A0E230073FD83 /* ASICloudFilesRequest.m in Sources */ = {isa = PBXBuildFile; fileRef = 43E41CAE153A0E230073FD83 /* ASICloudFilesRequest.m */; settings = {COMPILER_FLAGS = "-fno-objc-arc"; }; };
		43E41D14153A0E230073FD83 /* ClueCell.m in Sources */ = {isa = PBXBuildFile; fileRef = 43E41CB0153A0E230073FD83 /* ClueCell.m */; };
		43E41D15153A0E230073FD83 /* ClueData.m in Sources */ = {isa = PBXBuildFile; fileRef = 43E41CB2153A0E230073FD83 /* ClueData.m */; };
		43E41D16153A0E230073FD83 /* ClueDetailViewController.m in Sources */ = {isa = PBXBuildFile; fileRef = 43E41CB4153A0E230073FD83 /* ClueDetailViewController.m */; };
		43E41D17153A0E230073FD83 /* clues.png in Resources */ = {isa = PBXBuildFile; fileRef = 43E41CB5153A0E230073FD83 /* clues.png */; };
		43E41D18153A0E230073FD83 /* clues2.png in Resources */ = {isa = PBXBuildFile; fileRef = 43E41CB6153A0E230073FD83 /* clues2.png */; };
		43E41D19153A0E230073FD83 /* ClueSheet.m in Sources */ = {isa = PBXBuildFile; fileRef = 43E41CB8153A0E230073FD83 /* ClueSheet.m */; };
		43E41D1A153A0E230073FD83 /* CluesNavigationController.m in Sources */ = {isa = PBXBuildFile; fileRef = 43E41CBA153A0E230073FD83 /* CluesNavigationController.m */; };
		43E41D1B153A0E230073FD83 /* CluesTableViewController.m in Sources */ = {isa = PBXBuildFile; fileRef = 43E41CBC153A0E230073FD83 /* CluesTableViewController.m */; };
		43E41D1C153A0E230073FD83 /* CluesViewController.m in Sources */ = {isa = PBXBuildFile; fileRef = 43E41CBE153A0E230073FD83 /* CluesViewController.m */; };
		43E41D1D153A0E230073FD83 /* ClueTagViewController.m in Sources */ = {isa = PBXBuildFile; fileRef = 43E41CC0153A0E230073FD83 /* ClueTagViewController.m */; };
		43E41D1E153A0E230073FD83 /* disabled.png in Resources */ = {isa = PBXBuildFile; fileRef = 43E41CC1153A0E230073FD83 /* disabled.png */; };
		43E41D1F153A0E230073FD83 /* EditPhotoViewController.m in Sources */ = {isa = PBXBuildFile; fileRef = 43E41CC3153A0E230073FD83 /* EditPhotoViewController.m */; };
		43E41D20153A0E230073FD83 /* InfoPlist.strings in Resources */ = {isa = PBXBuildFile; fileRef = 43E41CC5153A0E230073FD83 /* InfoPlist.strings */; };
		43E41D21153A0E230073FD83 /* end-click.png in Resources */ = {isa = PBXBuildFile; fileRef = 43E41CC7153A0E230073FD83 /* end-click.png */; };
		43E41D22153A0E230073FD83 /* end.png in Resources */ = {isa = PBXBuildFile; fileRef = 43E41CC8153A0E230073FD83 /* end.png */; };
		43E41D23153A0E230073FD83 /* gallery.png in Resources */ = {isa = PBXBuildFile; fileRef = 43E41CC9153A0E230073FD83 /* gallery.png */; };
		43E41D24153A0E230073FD83 /* GalleryCollectionViewController.m in Sources */ = {isa = PBXBuildFile; fileRef = 43E41CCB153A0E230073FD83 /* GalleryCollectionViewController.m */; };
		43E41D25153A0E230073FD83 /* GalleryNavigationController.m in Sources */ = {isa = PBXBuildFile; fileRef = 43E41CCD153A0E230073FD83 /* GalleryNavigationController.m */; };
		43E41D26153A0E230073FD83 /* GalleryPhotoViewItem.m in Sources */ = {isa = PBXBuildFile; fileRef = 43E41CCF153A0E230073FD83 /* GalleryPhotoViewItem.m */; };
		43E41D27153A0E230073FD83 /* README-GHUnit in Resources */ = {isa = PBXBuildFile; fileRef = 43E41CD1153A0E230073FD83 /* README-GHUnit */; };
		43E41D2B153A0E230073FD83 /* home.png in Resources */ = {isa = PBXBuildFile; fileRef = 43E41CDA153A0E230073FD83 /* home.png */; };
		43E41D2C153A0E230073FD83 /* NSMutableDictionary+ImageMetadata.m in Sources */ = {isa = PBXBuildFile; fileRef = 43E41CDC153A0E230073FD83 /* NSMutableDictionary+ImageMetadata.m */; settings = {COMPILER_FLAGS = "-fno-objc-arc"; }; };
		43E41D2D153A0E230073FD83 /* Reachability.m in Sources */ = {isa = PBXBuildFile; fileRef = 43E41CDF153A0E230073FD83 /* Reachability.m */; settings = {COMPILER_FLAGS = "-fno-objc-arc"; }; };
		43E41D2E153A0E230073FD83 /* ASIS3Bucket.m in Sources */ = {isa = PBXBuildFile; fileRef = 43E41CE3153A0E230073FD83 /* ASIS3Bucket.m */; settings = {COMPILER_FLAGS = "-fno-objc-arc"; }; };
		43E41D2F153A0E230073FD83 /* ASIS3BucketObject.m in Sources */ = {isa = PBXBuildFile; fileRef = 43E41CE5153A0E230073FD83 /* ASIS3BucketObject.m */; settings = {COMPILER_FLAGS = "-fno-objc-arc"; }; };
		43E41D30153A0E230073FD83 /* ASIS3BucketRequest.m in Sources */ = {isa = PBXBuildFile; fileRef = 43E41CE7153A0E230073FD83 /* ASIS3BucketRequest.m */; settings = {COMPILER_FLAGS = "-fno-objc-arc"; }; };
		43E41D31153A0E230073FD83 /* ASIS3ObjectRequest.m in Sources */ = {isa = PBXBuildFile; fileRef = 43E41CE9153A0E230073FD83 /* ASIS3ObjectRequest.m */; settings = {COMPILER_FLAGS = "-fno-objc-arc"; }; };
		43E41D32153A0E230073FD83 /* ASIS3Request.m in Sources */ = {isa = PBXBuildFile; fileRef = 43E41CEB153A0E230073FD83 /* ASIS3Request.m */; settings = {COMPILER_FLAGS = "-fno-objc-arc"; }; };
		43E41D33153A0E230073FD83 /* ASIS3ServiceRequest.m in Sources */ = {isa = PBXBuildFile; fileRef = 43E41CED153A0E230073FD83 /* ASIS3ServiceRequest.m */; settings = {COMPILER_FLAGS = "-fno-objc-arc"; }; };
		43E41D34153A0E230073FD83 /* save-clicked.png in Resources */ = {isa = PBXBuildFile; fileRef = 43E41CEE153A0E230073FD83 /* save-clicked.png */; };
		43E41D35153A0E230073FD83 /* save.png in Resources */ = {isa = PBXBuildFile; fileRef = 43E41CEF153A0E230073FD83 /* save.png */; };
		43E41D36153A0E230073FD83 /* TagCell.m in Sources */ = {isa = PBXBuildFile; fileRef = 43E41CF2153A0E230073FD83 /* TagCell.m */; };
		43E41D37153A0E230073FD83 /* test_photo.JPG in Resources */ = {isa = PBXBuildFile; fileRef = 43E41CF3153A0E230073FD83 /* test_photo.JPG */; };
		43E41D50153A0F5E0073FD83 /* libxml2.dylib in Frameworks */ = {isa = PBXBuildFile; fileRef = 43E41D4F153A0F5E0073FD83 /* libxml2.dylib */; };
		43E41D52153A0F6D0073FD83 /* libz.dylib in Frameworks */ = {isa = PBXBuildFile; fileRef = 43E41D51153A0F6D0073FD83 /* libz.dylib */; };
		43E41D54153A0F8F0073FD83 /* QuartzCore.framework in Frameworks */ = {isa = PBXBuildFile; fileRef = 43E41D53153A0F8F0073FD83 /* QuartzCore.framework */; };
		43E41D56153A0F980073FD83 /* ImageIO.framework in Frameworks */ = {isa = PBXBuildFile; fileRef = 43E41D55153A0F980073FD83 /* ImageIO.framework */; };
		43E41D58153A0F9D0073FD83 /* CoreMedia.framework in Frameworks */ = {isa = PBXBuildFile; fileRef = 43E41D57153A0F9D0073FD83 /* CoreMedia.framework */; };
		43E41D5A153A0FA30073FD83 /* CoreLocation.framework in Frameworks */ = {isa = PBXBuildFile; fileRef = 43E41D59153A0FA30073FD83 /* CoreLocation.framework */; };
		43E41D5C153A0FA80073FD83 /* AssetsLibrary.framework in Frameworks */ = {isa = PBXBuildFile; fileRef = 43E41D5B153A0FA80073FD83 /* AssetsLibrary.framework */; };
		43E41D5E153A0FAE0073FD83 /* SystemConfiguration.framework in Frameworks */ = {isa = PBXBuildFile; fileRef = 43E41D5D153A0FAE0073FD83 /* SystemConfiguration.framework */; };
		43E41D60153A0FB30073FD83 /* CFNetwork.framework in Frameworks */ = {isa = PBXBuildFile; fileRef = 43E41D5F153A0FB30073FD83 /* CFNetwork.framework */; };
		43E41D62153A0FB80073FD83 /* MobileCoreServices.framework in Frameworks */ = {isa = PBXBuildFile; fileRef = 43E41D61153A0FB80073FD83 /* MobileCoreServices.framework */; };
		43E41D70153A0FF30073FD83 /* libSSToolkit.a in Frameworks */ = {isa = PBXBuildFile; fileRef = 43E41D6D153A0FEC0073FD83 /* libSSToolkit.a */; };
		43E41D75153A21F50073FD83 /* GameIdField.m in Sources */ = {isa = PBXBuildFile; fileRef = 43E41D74153A21F50073FD83 /* GameIdField.m */; };
		43FFBB17153A0D97009E0751 /* UIKit.framework in Frameworks */ = {isa = PBXBuildFile; fileRef = 43FFBB16153A0D97009E0751 /* UIKit.framework */; };
		43FFBB19153A0D97009E0751 /* Foundation.framework in Frameworks */ = {isa = PBXBuildFile; fileRef = 43FFBB18153A0D97009E0751 /* Foundation.framework */; };
		43FFBB1B153A0D97009E0751 /* CoreGraphics.framework in Frameworks */ = {isa = PBXBuildFile; fileRef = 43FFBB1A153A0D97009E0751 /* CoreGraphics.framework */; };
		43FFBB21153A0D97009E0751 /* InfoPlist.strings in Resources */ = {isa = PBXBuildFile; fileRef = 43FFBB1F153A0D97009E0751 /* InfoPlist.strings */; };
		43FFBB23153A0D97009E0751 /* main.m in Sources */ = {isa = PBXBuildFile; fileRef = 43FFBB22153A0D97009E0751 /* main.m */; };
		43FFBB27153A0D97009E0751 /* AppDelegate.m in Sources */ = {isa = PBXBuildFile; fileRef = 43FFBB26153A0D97009E0751 /* AppDelegate.m */; };
/* End PBXBuildFile section */

/* Begin PBXContainerItemProxy section */
		43E41D6C153A0FEC0073FD83 /* PBXContainerItemProxy */ = {
			isa = PBXContainerItemProxy;
			containerPortal = 43E41D63153A0FEC0073FD83 /* SSToolkit.xcodeproj */;
			proxyType = 2;
			remoteGlobalIDString = D2AAC07E0554694100DB518D;
			remoteInfo = SSToolkit;
		};
		43E41D6E153A0FEC0073FD83 /* PBXContainerItemProxy */ = {
			isa = PBXContainerItemProxy;
			containerPortal = 43E41D63153A0FEC0073FD83 /* SSToolkit.xcodeproj */;
			proxyType = 2;
			remoteGlobalIDString = B239101D1357DC3E00ADE21B;
			remoteInfo = SSToolkitTests;
		};
		43E41D71153A10030073FD83 /* PBXContainerItemProxy */ = {
			isa = PBXContainerItemProxy;
			containerPortal = 43E41D63153A0FEC0073FD83 /* SSToolkit.xcodeproj */;
			proxyType = 1;
			remoteGlobalIDString = D2AAC07D0554694100DB518D;
			remoteInfo = SSToolkit;
		};
/* End PBXContainerItemProxy section */

/* Begin PBXFileReference section */
		43E41C72153A0E230073FD83 /* AppCell.h */ = {isa = PBXFileReference; fileEncoding = 4; lastKnownFileType = sourcecode.c.h; path = AppCell.h; sourceTree = "<group>"; };
		43E41C73153A0E230073FD83 /* AppCell.m */ = {isa = PBXFileReference; fileEncoding = 4; lastKnownFileType = sourcecode.c.objc; path = AppCell.m; sourceTree = "<group>"; };
		43E41C74153A0E230073FD83 /* AppCellData.h */ = {isa = PBXFileReference; fileEncoding = 4; lastKnownFileType = sourcecode.c.h; path = AppCellData.h; sourceTree = "<group>"; };
		43E41C75153A0E230073FD83 /* AppCellData.m */ = {isa = PBXFileReference; fileEncoding = 4; lastKnownFileType = sourcecode.c.objc; path = AppCellData.m; sourceTree = "<group>"; };
		43E41C76153A0E230073FD83 /* AppEndGameButton.h */ = {isa = PBXFileReference; fileEncoding = 4; lastKnownFileType = sourcecode.c.h; path = AppEndGameButton.h; sourceTree = "<group>"; };
		43E41C77153A0E230073FD83 /* AppEndGameButton.m */ = {isa = PBXFileReference; fileEncoding = 4; lastKnownFileType = sourcecode.c.objc; path = AppEndGameButton.m; sourceTree = "<group>"; };
		43E41C78153A0E230073FD83 /* AppHelper.h */ = {isa = PBXFileReference; fileEncoding = 4; lastKnownFileType = sourcecode.c.h; path = AppHelper.h; sourceTree = "<group>"; };
		43E41C79153A0E230073FD83 /* AppHelper.m */ = {isa = PBXFileReference; fileEncoding = 4; lastKnownFileType = sourcecode.c.objc; path = AppHelper.m; sourceTree = "<group>"; };
		43E41C7A153A0E230073FD83 /* AppHomeNavigationController.h */ = {isa = PBXFileReference; fileEncoding = 4; lastKnownFileType = sourcecode.c.h; path = AppHomeNavigationController.h; sourceTree = "<group>"; };
		43E41C7B153A0E230073FD83 /* AppHomeNavigationController.m */ = {isa = PBXFileReference; fileEncoding = 4; lastKnownFileType = sourcecode.c.objc; path = AppHomeNavigationController.m; sourceTree = "<group>"; };
		43E41C7C153A0E230073FD83 /* AppLoginButton.h */ = {isa = PBXFileReference; fileEncoding = 4; lastKnownFileType = sourcecode.c.h; path = AppLoginButton.h; sourceTree = "<group>"; };
		43E41C7D153A0E230073FD83 /* AppLoginButton.m */ = {isa = PBXFileReference; fileEncoding = 4; lastKnownFileType = sourcecode.c.objc; path = AppLoginButton.m; sourceTree = "<group>"; };
		43E41C7E153A0E230073FD83 /* AppSettingsViewController.h */ = {isa = PBXFileReference; fileEncoding = 4; lastKnownFileType = sourcecode.c.h; path = AppSettingsViewController.h; sourceTree = "<group>"; };
		43E41C7F153A0E230073FD83 /* AppSettingsViewController.m */ = {isa = PBXFileReference; fileEncoding = 4; lastKnownFileType = sourcecode.c.objc; path = AppSettingsViewController.m; sourceTree = "<group>"; };
		43E41C80153A0E230073FD83 /* AppStartViewController.h */ = {isa = PBXFileReference; fileEncoding = 4; lastKnownFileType = sourcecode.c.h; path = AppStartViewController.h; sourceTree = "<group>"; };
		43E41C81153A0E230073FD83 /* AppStartViewController.m */ = {isa = PBXFileReference; fileEncoding = 4; lastKnownFileType = sourcecode.c.objc; path = AppStartViewController.m; sourceTree = "<group>"; };
		43E41C82153A0E230073FD83 /* AppTabBarController.h */ = {isa = PBXFileReference; fileEncoding = 4; lastKnownFileType = sourcecode.c.h; path = AppTabBarController.h; sourceTree = "<group>"; };
		43E41C83153A0E230073FD83 /* AppTabBarController.m */ = {isa = PBXFileReference; fileEncoding = 4; lastKnownFileType = sourcecode.c.objc; path = AppTabBarController.m; sourceTree = "<group>"; };
		43E41C84153A0E230073FD83 /* ASIAuthenticationDialog.h */ = {isa = PBXFileReference; fileEncoding = 4; lastKnownFileType = sourcecode.c.h; path = ASIAuthenticationDialog.h; sourceTree = "<group>"; };
		43E41C85153A0E230073FD83 /* ASIAuthenticationDialog.m */ = {isa = PBXFileReference; fileEncoding = 4; lastKnownFileType = sourcecode.c.objc; path = ASIAuthenticationDialog.m; sourceTree = "<group>"; };
		43E41C86153A0E230073FD83 /* ASICacheDelegate.h */ = {isa = PBXFileReference; fileEncoding = 4; lastKnownFileType = sourcecode.c.h; path = ASICacheDelegate.h; sourceTree = "<group>"; };
		43E41C87153A0E230073FD83 /* ASIDataCompressor.h */ = {isa = PBXFileReference; fileEncoding = 4; lastKnownFileType = sourcecode.c.h; path = ASIDataCompressor.h; sourceTree = "<group>"; };
		43E41C88153A0E230073FD83 /* ASIDataCompressor.m */ = {isa = PBXFileReference; fileEncoding = 4; lastKnownFileType = sourcecode.c.objc; path = ASIDataCompressor.m; sourceTree = "<group>"; };
		43E41C89153A0E230073FD83 /* ASIDataDecompressor.h */ = {isa = PBXFileReference; fileEncoding = 4; lastKnownFileType = sourcecode.c.h; path = ASIDataDecompressor.h; sourceTree = "<group>"; };
		43E41C8A153A0E230073FD83 /* ASIDataDecompressor.m */ = {isa = PBXFileReference; fileEncoding = 4; lastKnownFileType = sourcecode.c.objc; path = ASIDataDecompressor.m; sourceTree = "<group>"; };
		43E41C8B153A0E230073FD83 /* ASIDownloadCache.h */ = {isa = PBXFileReference; fileEncoding = 4; lastKnownFileType = sourcecode.c.h; path = ASIDownloadCache.h; sourceTree = "<group>"; };
		43E41C8C153A0E230073FD83 /* ASIDownloadCache.m */ = {isa = PBXFileReference; fileEncoding = 4; lastKnownFileType = sourcecode.c.objc; path = ASIDownloadCache.m; sourceTree = "<group>"; };
		43E41C8D153A0E230073FD83 /* ASIFormDataRequest.h */ = {isa = PBXFileReference; fileEncoding = 4; lastKnownFileType = sourcecode.c.h; path = ASIFormDataRequest.h; sourceTree = "<group>"; };
		43E41C8E153A0E230073FD83 /* ASIFormDataRequest.m */ = {isa = PBXFileReference; fileEncoding = 4; lastKnownFileType = sourcecode.c.objc; path = ASIFormDataRequest.m; sourceTree = "<group>"; };
		43E41C8F153A0E230073FD83 /* ASIHTTPRequest.h */ = {isa = PBXFileReference; fileEncoding = 4; lastKnownFileType = sourcecode.c.h; path = ASIHTTPRequest.h; sourceTree = "<group>"; };
		43E41C90153A0E230073FD83 /* ASIHTTPRequest.m */ = {isa = PBXFileReference; fileEncoding = 4; lastKnownFileType = sourcecode.c.objc; path = ASIHTTPRequest.m; sourceTree = "<group>"; };
		43E41C91153A0E230073FD83 /* ASIHTTPRequestConfig.h */ = {isa = PBXFileReference; fileEncoding = 4; lastKnownFileType = sourcecode.c.h; path = ASIHTTPRequestConfig.h; sourceTree = "<group>"; };
		43E41C92153A0E230073FD83 /* ASIHTTPRequestDelegate.h */ = {isa = PBXFileReference; fileEncoding = 4; lastKnownFileType = sourcecode.c.h; path = ASIHTTPRequestDelegate.h; sourceTree = "<group>"; };
		43E41C93153A0E230073FD83 /* ASIInputStream.h */ = {isa = PBXFileReference; fileEncoding = 4; lastKnownFileType = sourcecode.c.h; path = ASIInputStream.h; sourceTree = "<group>"; };
		43E41C94153A0E230073FD83 /* ASIInputStream.m */ = {isa = PBXFileReference; fileEncoding = 4; lastKnownFileType = sourcecode.c.objc; path = ASIInputStream.m; sourceTree = "<group>"; };
		43E41C95153A0E230073FD83 /* ASINetworkQueue.h */ = {isa = PBXFileReference; fileEncoding = 4; lastKnownFileType = sourcecode.c.h; path = ASINetworkQueue.h; sourceTree = "<group>"; };
		43E41C96153A0E230073FD83 /* ASINetworkQueue.m */ = {isa = PBXFileReference; fileEncoding = 4; lastKnownFileType = sourcecode.c.objc; path = ASINetworkQueue.m; sourceTree = "<group>"; };
		43E41C97153A0E230073FD83 /* ASIProgressDelegate.h */ = {isa = PBXFileReference; fileEncoding = 4; lastKnownFileType = sourcecode.c.h; path = ASIProgressDelegate.h; sourceTree = "<group>"; };
		43E41C99153A0E230073FD83 /* ASIWebPageRequest.h */ = {isa = PBXFileReference; fileEncoding = 4; lastKnownFileType = sourcecode.c.h; path = ASIWebPageRequest.h; sourceTree = "<group>"; };
		43E41C9A153A0E230073FD83 /* ASIWebPageRequest.m */ = {isa = PBXFileReference; fileEncoding = 4; lastKnownFileType = sourcecode.c.objc; path = ASIWebPageRequest.m; sourceTree = "<group>"; };
		43E41C9B153A0E230073FD83 /* camera2.png */ = {isa = PBXFileReference; lastKnownFileType = image.png; path = camera2.png; sourceTree = "<group>"; };
		43E41C9C153A0E230073FD83 /* CameraNavigationController.h */ = {isa = PBXFileReference; fileEncoding = 4; lastKnownFileType = sourcecode.c.h; path = CameraNavigationController.h; sourceTree = "<group>"; };
		43E41C9D153A0E230073FD83 /* CameraNavigationController.m */ = {isa = PBXFileReference; fileEncoding = 4; lastKnownFileType = sourcecode.c.objc; path = CameraNavigationController.m; sourceTree = "<group>"; };
		43E41C9E153A0E230073FD83 /* CameraViewController.h */ = {isa = PBXFileReference; fileEncoding = 4; lastKnownFileType = sourcecode.c.h; path = CameraViewController.h; sourceTree = "<group>"; };
		43E41C9F153A0E230073FD83 /* CameraViewController.m */ = {isa = PBXFileReference; fileEncoding = 4; lastKnownFileType = sourcecode.c.objc; path = CameraViewController.m; sourceTree = "<group>"; };
		43E41CA1153A0E230073FD83 /* ASICloudFilesCDNRequest.h */ = {isa = PBXFileReference; fileEncoding = 4; lastKnownFileType = sourcecode.c.h; path = ASICloudFilesCDNRequest.h; sourceTree = "<group>"; };
		43E41CA2153A0E230073FD83 /* ASICloudFilesCDNRequest.m */ = {isa = PBXFileReference; fileEncoding = 4; lastKnownFileType = sourcecode.c.objc; path = ASICloudFilesCDNRequest.m; sourceTree = "<group>"; };
		43E41CA3153A0E230073FD83 /* ASICloudFilesContainer.h */ = {isa = PBXFileReference; fileEncoding = 4; lastKnownFileType = sourcecode.c.h; path = ASICloudFilesContainer.h; sourceTree = "<group>"; };
		43E41CA4153A0E230073FD83 /* ASICloudFilesContainer.m */ = {isa = PBXFileReference; fileEncoding = 4; lastKnownFileType = sourcecode.c.objc; path = ASICloudFilesContainer.m; sourceTree = "<group>"; };
		43E41CA5153A0E230073FD83 /* ASICloudFilesContainerRequest.h */ = {isa = PBXFileReference; fileEncoding = 4; lastKnownFileType = sourcecode.c.h; path = ASICloudFilesContainerRequest.h; sourceTree = "<group>"; };
		43E41CA6153A0E230073FD83 /* ASICloudFilesContainerRequest.m */ = {isa = PBXFileReference; fileEncoding = 4; lastKnownFileType = sourcecode.c.objc; path = ASICloudFilesContainerRequest.m; sourceTree = "<group>"; };
		43E41CA7153A0E230073FD83 /* ASICloudFilesContainerXMLParserDelegate.h */ = {isa = PBXFileReference; fileEncoding = 4; lastKnownFileType = sourcecode.c.h; path = ASICloudFilesContainerXMLParserDelegate.h; sourceTree = "<group>"; };
		43E41CA8153A0E230073FD83 /* ASICloudFilesContainerXMLParserDelegate.m */ = {isa = PBXFileReference; fileEncoding = 4; lastKnownFileType = sourcecode.c.objc; path = ASICloudFilesContainerXMLParserDelegate.m; sourceTree = "<group>"; };
		43E41CA9153A0E230073FD83 /* ASICloudFilesObject.h */ = {isa = PBXFileReference; fileEncoding = 4; lastKnownFileType = sourcecode.c.h; path = ASICloudFilesObject.h; sourceTree = "<group>"; };
		43E41CAA153A0E230073FD83 /* ASICloudFilesObject.m */ = {isa = PBXFileReference; fileEncoding = 4; lastKnownFileType = sourcecode.c.objc; path = ASICloudFilesObject.m; sourceTree = "<group>"; };
		43E41CAB153A0E230073FD83 /* ASICloudFilesObjectRequest.h */ = {isa = PBXFileReference; fileEncoding = 4; lastKnownFileType = sourcecode.c.h; path = ASICloudFilesObjectRequest.h; sourceTree = "<group>"; };
		43E41CAC153A0E230073FD83 /* ASICloudFilesObjectRequest.m */ = {isa = PBXFileReference; fileEncoding = 4; lastKnownFileType = sourcecode.c.objc; path = ASICloudFilesObjectRequest.m; sourceTree = "<group>"; };
		43E41CAD153A0E230073FD83 /* ASICloudFilesRequest.h */ = {isa = PBXFileReference; fileEncoding = 4; lastKnownFileType = sourcecode.c.h; path = ASICloudFilesRequest.h; sourceTree = "<group>"; };
		43E41CAE153A0E230073FD83 /* ASICloudFilesRequest.m */ = {isa = PBXFileReference; fileEncoding = 4; lastKnownFileType = sourcecode.c.objc; path = ASICloudFilesRequest.m; sourceTree = "<group>"; };
		43E41CAF153A0E230073FD83 /* ClueCell.h */ = {isa = PBXFileReference; fileEncoding = 4; lastKnownFileType = sourcecode.c.h; path = ClueCell.h; sourceTree = "<group>"; };
		43E41CB0153A0E230073FD83 /* ClueCell.m */ = {isa = PBXFileReference; fileEncoding = 4; lastKnownFileType = sourcecode.c.objc; path = ClueCell.m; sourceTree = "<group>"; };
		43E41CB1153A0E230073FD83 /* ClueData.h */ = {isa = PBXFileReference; fileEncoding = 4; lastKnownFileType = sourcecode.c.h; path = ClueData.h; sourceTree = "<group>"; };
		43E41CB2153A0E230073FD83 /* ClueData.m */ = {isa = PBXFileReference; fileEncoding = 4; lastKnownFileType = sourcecode.c.objc; path = ClueData.m; sourceTree = "<group>"; };
		43E41CB3153A0E230073FD83 /* ClueDetailViewController.h */ = {isa = PBXFileReference; fileEncoding = 4; lastKnownFileType = sourcecode.c.h; path = ClueDetailViewController.h; sourceTree = "<group>"; };
		43E41CB4153A0E230073FD83 /* ClueDetailViewController.m */ = {isa = PBXFileReference; fileEncoding = 4; lastKnownFileType = sourcecode.c.objc; path = ClueDetailViewController.m; sourceTree = "<group>"; };
		43E41CB5153A0E230073FD83 /* clues.png */ = {isa = PBXFileReference; lastKnownFileType = image.png; path = clues.png; sourceTree = "<group>"; };
		43E41CB6153A0E230073FD83 /* clues2.png */ = {isa = PBXFileReference; lastKnownFileType = image.png; path = clues2.png; sourceTree = "<group>"; };
		43E41CB7153A0E230073FD83 /* ClueSheet.h */ = {isa = PBXFileReference; fileEncoding = 4; lastKnownFileType = sourcecode.c.h; path = ClueSheet.h; sourceTree = "<group>"; };
		43E41CB8153A0E230073FD83 /* ClueSheet.m */ = {isa = PBXFileReference; fileEncoding = 4; lastKnownFileType = sourcecode.c.objc; path = ClueSheet.m; sourceTree = "<group>"; };
		43E41CB9153A0E230073FD83 /* CluesNavigationController.h */ = {isa = PBXFileReference; fileEncoding = 4; lastKnownFileType = sourcecode.c.h; path = CluesNavigationController.h; sourceTree = "<group>"; };
		43E41CBA153A0E230073FD83 /* CluesNavigationController.m */ = {isa = PBXFileReference; fileEncoding = 4; lastKnownFileType = sourcecode.c.objc; path = CluesNavigationController.m; sourceTree = "<group>"; };
		43E41CBB153A0E230073FD83 /* CluesTableViewController.h */ = {isa = PBXFileReference; fileEncoding = 4; lastKnownFileType = sourcecode.c.h; path = CluesTableViewController.h; sourceTree = "<group>"; };
		43E41CBC153A0E230073FD83 /* CluesTableViewController.m */ = {isa = PBXFileReference; fileEncoding = 4; lastKnownFileType = sourcecode.c.objc; path = CluesTableViewController.m; sourceTree = "<group>"; };
		43E41CBD153A0E230073FD83 /* CluesViewController.h */ = {isa = PBXFileReference; fileEncoding = 4; lastKnownFileType = sourcecode.c.h; path = CluesViewController.h; sourceTree = "<group>"; };
		43E41CBE153A0E230073FD83 /* CluesViewController.m */ = {isa = PBXFileReference; fileEncoding = 4; lastKnownFileType = sourcecode.c.objc; path = CluesViewController.m; sourceTree = "<group>"; };
		43E41CBF153A0E230073FD83 /* ClueTagViewController.h */ = {isa = PBXFileReference; fileEncoding = 4; lastKnownFileType = sourcecode.c.h; path = ClueTagViewController.h; sourceTree = "<group>"; };
		43E41CC0153A0E230073FD83 /* ClueTagViewController.m */ = {isa = PBXFileReference; fileEncoding = 4; lastKnownFileType = sourcecode.c.objc; path = ClueTagViewController.m; sourceTree = "<group>"; };
		43E41CC1153A0E230073FD83 /* disabled.png */ = {isa = PBXFileReference; lastKnownFileType = image.png; path = disabled.png; sourceTree = "<group>"; };
		43E41CC2153A0E230073FD83 /* EditPhotoViewController.h */ = {isa = PBXFileReference; fileEncoding = 4; lastKnownFileType = sourcecode.c.h; path = EditPhotoViewController.h; sourceTree = "<group>"; };
		43E41CC3153A0E230073FD83 /* EditPhotoViewController.m */ = {isa = PBXFileReference; fileEncoding = 4; lastKnownFileType = sourcecode.c.objc; path = EditPhotoViewController.m; sourceTree = "<group>"; };
		43E41CC6153A0E230073FD83 /* en */ = {isa = PBXFileReference; lastKnownFileType = text.plist.strings; name = en; path = InfoPlist.strings; sourceTree = "<group>"; };
		43E41CC7153A0E230073FD83 /* end-click.png */ = {isa = PBXFileReference; lastKnownFileType = image.png; path = "end-click.png"; sourceTree = "<group>"; };
		43E41CC8153A0E230073FD83 /* end.png */ = {isa = PBXFileReference; lastKnownFileType = image.png; path = end.png; sourceTree = "<group>"; };
		43E41CC9153A0E230073FD83 /* gallery.png */ = {isa = PBXFileReference; lastKnownFileType = image.png; path = gallery.png; sourceTree = "<group>"; };
		43E41CCA153A0E230073FD83 /* GalleryCollectionViewController.h */ = {isa = PBXFileReference; fileEncoding = 4; lastKnownFileType = sourcecode.c.h; path = GalleryCollectionViewController.h; sourceTree = "<group>"; };
		43E41CCB153A0E230073FD83 /* GalleryCollectionViewController.m */ = {isa = PBXFileReference; fileEncoding = 4; lastKnownFileType = sourcecode.c.objc; path = GalleryCollectionViewController.m; sourceTree = "<group>"; };
		43E41CCC153A0E230073FD83 /* GalleryNavigationController.h */ = {isa = PBXFileReference; fileEncoding = 4; lastKnownFileType = sourcecode.c.h; path = GalleryNavigationController.h; sourceTree = "<group>"; };
		43E41CCD153A0E230073FD83 /* GalleryNavigationController.m */ = {isa = PBXFileReference; fileEncoding = 4; lastKnownFileType = sourcecode.c.objc; path = GalleryNavigationController.m; sourceTree = "<group>"; };
		43E41CCE153A0E230073FD83 /* GalleryPhotoViewItem.h */ = {isa = PBXFileReference; fileEncoding = 4; lastKnownFileType = sourcecode.c.h; path = GalleryPhotoViewItem.h; sourceTree = "<group>"; };
		43E41CCF153A0E230073FD83 /* GalleryPhotoViewItem.m */ = {isa = PBXFileReference; fileEncoding = 4; lastKnownFileType = sourcecode.c.objc; path = GalleryPhotoViewItem.m; sourceTree = "<group>"; };
		43E41CD1153A0E230073FD83 /* README-GHUnit */ = {isa = PBXFileReference; fileEncoding = 4; lastKnownFileType = text; path = "README-GHUnit"; sourceTree = "<group>"; };
		43E41CDA153A0E230073FD83 /* home.png */ = {isa = PBXFileReference; lastKnownFileType = image.png; path = home.png; sourceTree = "<group>"; };
		43E41CDB153A0E230073FD83 /* NSMutableDictionary+ImageMetadata.h */ = {isa = PBXFileReference; fileEncoding = 4; lastKnownFileType = sourcecode.c.h; path = "NSMutableDictionary+ImageMetadata.h"; sourceTree = "<group>"; };
		43E41CDC153A0E230073FD83 /* NSMutableDictionary+ImageMetadata.m */ = {isa = PBXFileReference; fileEncoding = 4; lastKnownFileType = sourcecode.c.objc; path = "NSMutableDictionary+ImageMetadata.m"; sourceTree = "<group>"; };
		43E41CDE153A0E230073FD83 /* Reachability.h */ = {isa = PBXFileReference; fileEncoding = 4; lastKnownFileType = sourcecode.c.h; path = Reachability.h; sourceTree = "<group>"; };
		43E41CDF153A0E230073FD83 /* Reachability.m */ = {isa = PBXFileReference; fileEncoding = 4; lastKnownFileType = sourcecode.c.objc; path = Reachability.m; sourceTree = "<group>"; };
		43E41CE1153A0E230073FD83 /* ASINSXMLParserCompat.h */ = {isa = PBXFileReference; fileEncoding = 4; lastKnownFileType = sourcecode.c.h; path = ASINSXMLParserCompat.h; sourceTree = "<group>"; };
		43E41CE2153A0E230073FD83 /* ASIS3Bucket.h */ = {isa = PBXFileReference; fileEncoding = 4; lastKnownFileType = sourcecode.c.h; path = ASIS3Bucket.h; sourceTree = "<group>"; };
		43E41CE3153A0E230073FD83 /* ASIS3Bucket.m */ = {isa = PBXFileReference; fileEncoding = 4; lastKnownFileType = sourcecode.c.objc; path = ASIS3Bucket.m; sourceTree = "<group>"; };
		43E41CE4153A0E230073FD83 /* ASIS3BucketObject.h */ = {isa = PBXFileReference; fileEncoding = 4; lastKnownFileType = sourcecode.c.h; path = ASIS3BucketObject.h; sourceTree = "<group>"; };
		43E41CE5153A0E230073FD83 /* ASIS3BucketObject.m */ = {isa = PBXFileReference; fileEncoding = 4; lastKnownFileType = sourcecode.c.objc; path = ASIS3BucketObject.m; sourceTree = "<group>"; };
		43E41CE6153A0E230073FD83 /* ASIS3BucketRequest.h */ = {isa = PBXFileReference; fileEncoding = 4; lastKnownFileType = sourcecode.c.h; path = ASIS3BucketRequest.h; sourceTree = "<group>"; };
		43E41CE7153A0E230073FD83 /* ASIS3BucketRequest.m */ = {isa = PBXFileReference; fileEncoding = 4; lastKnownFileType = sourcecode.c.objc; path = ASIS3BucketRequest.m; sourceTree = "<group>"; };
		43E41CE8153A0E230073FD83 /* ASIS3ObjectRequest.h */ = {isa = PBXFileReference; fileEncoding = 4; lastKnownFileType = sourcecode.c.h; path = ASIS3ObjectRequest.h; sourceTree = "<group>"; };
		43E41CE9153A0E230073FD83 /* ASIS3ObjectRequest.m */ = {isa = PBXFileReference; fileEncoding = 4; lastKnownFileType = sourcecode.c.objc; path = ASIS3ObjectRequest.m; sourceTree = "<group>"; };
		43E41CEA153A0E230073FD83 /* ASIS3Request.h */ = {isa = PBXFileReference; fileEncoding = 4; lastKnownFileType = sourcecode.c.h; path = ASIS3Request.h; sourceTree = "<group>"; };
		43E41CEB153A0E230073FD83 /* ASIS3Request.m */ = {isa = PBXFileReference; fileEncoding = 4; lastKnownFileType = sourcecode.c.objc; path = ASIS3Request.m; sourceTree = "<group>"; };
		43E41CEC153A0E230073FD83 /* ASIS3ServiceRequest.h */ = {isa = PBXFileReference; fileEncoding = 4; lastKnownFileType = sourcecode.c.h; path = ASIS3ServiceRequest.h; sourceTree = "<group>"; };
		43E41CED153A0E230073FD83 /* ASIS3ServiceRequest.m */ = {isa = PBXFileReference; fileEncoding = 4; lastKnownFileType = sourcecode.c.objc; path = ASIS3ServiceRequest.m; sourceTree = "<group>"; };
		43E41CEE153A0E230073FD83 /* save-clicked.png */ = {isa = PBXFileReference; lastKnownFileType = image.png; path = "save-clicked.png"; sourceTree = "<group>"; };
		43E41CEF153A0E230073FD83 /* save.png */ = {isa = PBXFileReference; lastKnownFileType = image.png; path = save.png; sourceTree = "<group>"; };
		43E41CF1153A0E230073FD83 /* TagCell.h */ = {isa = PBXFileReference; fileEncoding = 4; lastKnownFileType = sourcecode.c.h; path = TagCell.h; sourceTree = "<group>"; };
		43E41CF2153A0E230073FD83 /* TagCell.m */ = {isa = PBXFileReference; fileEncoding = 4; lastKnownFileType = sourcecode.c.objc; path = TagCell.m; sourceTree = "<group>"; };
		43E41CF3153A0E230073FD83 /* test_photo.JPG */ = {isa = PBXFileReference; lastKnownFileType = image.jpeg; path = test_photo.JPG; sourceTree = "<group>"; };
		43E41D4F153A0F5E0073FD83 /* libxml2.dylib */ = {isa = PBXFileReference; lastKnownFileType = "compiled.mach-o.dylib"; name = libxml2.dylib; path = usr/lib/libxml2.dylib; sourceTree = SDKROOT; };
		43E41D51153A0F6D0073FD83 /* libz.dylib */ = {isa = PBXFileReference; lastKnownFileType = "compiled.mach-o.dylib"; name = libz.dylib; path = usr/lib/libz.dylib; sourceTree = SDKROOT; };
		43E41D53153A0F8F0073FD83 /* QuartzCore.framework */ = {isa = PBXFileReference; lastKnownFileType = wrapper.framework; name = QuartzCore.framework; path = System/Library/Frameworks/QuartzCore.framework; sourceTree = SDKROOT; };
		43E41D55153A0F980073FD83 /* ImageIO.framework */ = {isa = PBXFileReference; lastKnownFileType = wrapper.framework; name = ImageIO.framework; path = System/Library/Frameworks/ImageIO.framework; sourceTree = SDKROOT; };
		43E41D57153A0F9D0073FD83 /* CoreMedia.framework */ = {isa = PBXFileReference; lastKnownFileType = wrapper.framework; name = CoreMedia.framework; path = System/Library/Frameworks/CoreMedia.framework; sourceTree = SDKROOT; };
		43E41D59153A0FA30073FD83 /* CoreLocation.framework */ = {isa = PBXFileReference; lastKnownFileType = wrapper.framework; name = CoreLocation.framework; path = System/Library/Frameworks/CoreLocation.framework; sourceTree = SDKROOT; };
		43E41D5B153A0FA80073FD83 /* AssetsLibrary.framework */ = {isa = PBXFileReference; lastKnownFileType = wrapper.framework; name = AssetsLibrary.framework; path = System/Library/Frameworks/AssetsLibrary.framework; sourceTree = SDKROOT; };
		43E41D5D153A0FAE0073FD83 /* SystemConfiguration.framework */ = {isa = PBXFileReference; lastKnownFileType = wrapper.framework; name = SystemConfiguration.framework; path = System/Library/Frameworks/SystemConfiguration.framework; sourceTree = SDKROOT; };
		43E41D5F153A0FB30073FD83 /* CFNetwork.framework */ = {isa = PBXFileReference; lastKnownFileType = wrapper.framework; name = CFNetwork.framework; path = System/Library/Frameworks/CFNetwork.framework; sourceTree = SDKROOT; };
		43E41D61153A0FB80073FD83 /* MobileCoreServices.framework */ = {isa = PBXFileReference; lastKnownFileType = wrapper.framework; name = MobileCoreServices.framework; path = System/Library/Frameworks/MobileCoreServices.framework; sourceTree = SDKROOT; };
		43E41D63153A0FEC0073FD83 /* SSToolkit.xcodeproj */ = {isa = PBXFileReference; lastKnownFileType = "wrapper.pb-project"; name = SSToolkit.xcodeproj; path = Vendor/SSToolkit/SSToolkit.xcodeproj; sourceTree = "<group>"; };
		43E41D73153A21F50073FD83 /* GameIdField.h */ = {isa = PBXFileReference; fileEncoding = 4; lastKnownFileType = sourcecode.c.h; path = GameIdField.h; sourceTree = "<group>"; };
		43E41D74153A21F50073FD83 /* GameIdField.m */ = {isa = PBXFileReference; fileEncoding = 4; lastKnownFileType = sourcecode.c.objc; path = GameIdField.m; sourceTree = "<group>"; };
		43FFBB12153A0D97009E0751 /* photohunt.app */ = {isa = PBXFileReference; explicitFileType = wrapper.application; includeInIndex = 0; path = photohunt.app; sourceTree = BUILT_PRODUCTS_DIR; };
		43FFBB16153A0D97009E0751 /* UIKit.framework */ = {isa = PBXFileReference; lastKnownFileType = wrapper.framework; name = UIKit.framework; path = System/Library/Frameworks/UIKit.framework; sourceTree = SDKROOT; };
		43FFBB18153A0D97009E0751 /* Foundation.framework */ = {isa = PBXFileReference; lastKnownFileType = wrapper.framework; name = Foundation.framework; path = System/Library/Frameworks/Foundation.framework; sourceTree = SDKROOT; };
		43FFBB1A153A0D97009E0751 /* CoreGraphics.framework */ = {isa = PBXFileReference; lastKnownFileType = wrapper.framework; name = CoreGraphics.framework; path = System/Library/Frameworks/CoreGraphics.framework; sourceTree = SDKROOT; };
		43FFBB1E153A0D97009E0751 /* photohunt-Info.plist */ = {isa = PBXFileReference; lastKnownFileType = text.plist.xml; path = "photohunt-Info.plist"; sourceTree = "<group>"; };
		43FFBB20153A0D97009E0751 /* en */ = {isa = PBXFileReference; lastKnownFileType = text.plist.strings; name = en; path = en.lproj/InfoPlist.strings; sourceTree = "<group>"; };
		43FFBB22153A0D97009E0751 /* main.m */ = {isa = PBXFileReference; lastKnownFileType = sourcecode.c.objc; path = main.m; sourceTree = "<group>"; };
		43FFBB24153A0D97009E0751 /* photohunt-Prefix.pch */ = {isa = PBXFileReference; lastKnownFileType = sourcecode.c.h; path = "photohunt-Prefix.pch"; sourceTree = "<group>"; };
		43FFBB25153A0D97009E0751 /* AppDelegate.h */ = {isa = PBXFileReference; lastKnownFileType = sourcecode.c.h; path = AppDelegate.h; sourceTree = "<group>"; };
		43FFBB26153A0D97009E0751 /* AppDelegate.m */ = {isa = PBXFileReference; lastKnownFileType = sourcecode.c.objc; path = AppDelegate.m; sourceTree = "<group>"; };
/* End PBXFileReference section */

/* Begin PBXFrameworksBuildPhase section */
		43FFBB0F153A0D97009E0751 /* Frameworks */ = {
			isa = PBXFrameworksBuildPhase;
			buildActionMask = 2147483647;
			files = (
				43E41D70153A0FF30073FD83 /* libSSToolkit.a in Frameworks */,
				43FFBB19153A0D97009E0751 /* Foundation.framework in Frameworks */,
				43FFBB17153A0D97009E0751 /* UIKit.framework in Frameworks */,
				43E41D62153A0FB80073FD83 /* MobileCoreServices.framework in Frameworks */,
				43E41D60153A0FB30073FD83 /* CFNetwork.framework in Frameworks */,
				43E41D5E153A0FAE0073FD83 /* SystemConfiguration.framework in Frameworks */,
				43E41D5C153A0FA80073FD83 /* AssetsLibrary.framework in Frameworks */,
				43E41D5A153A0FA30073FD83 /* CoreLocation.framework in Frameworks */,
				43E41D58153A0F9D0073FD83 /* CoreMedia.framework in Frameworks */,
				43E41D56153A0F980073FD83 /* ImageIO.framework in Frameworks */,
				43E41D54153A0F8F0073FD83 /* QuartzCore.framework in Frameworks */,
				43FFBB1B153A0D97009E0751 /* CoreGraphics.framework in Frameworks */,
				43E41D52153A0F6D0073FD83 /* libz.dylib in Frameworks */,
				43E41D50153A0F5E0073FD83 /* libxml2.dylib in Frameworks */,
			);
			runOnlyForDeploymentPostprocessing = 0;
		};
/* End PBXFrameworksBuildPhase section */

/* Begin PBXGroup section */
		43E41C98153A0E230073FD83 /* ASIWebPageRequest */ = {
			isa = PBXGroup;
			children = (
				43E41C99153A0E230073FD83 /* ASIWebPageRequest.h */,
				43E41C9A153A0E230073FD83 /* ASIWebPageRequest.m */,
			);
			path = ASIWebPageRequest;
			sourceTree = "<group>";
		};
		43E41CA0153A0E230073FD83 /* CloudFiles */ = {
			isa = PBXGroup;
			children = (
				43E41CA1153A0E230073FD83 /* ASICloudFilesCDNRequest.h */,
				43E41CA2153A0E230073FD83 /* ASICloudFilesCDNRequest.m */,
				43E41CA3153A0E230073FD83 /* ASICloudFilesContainer.h */,
				43E41CA4153A0E230073FD83 /* ASICloudFilesContainer.m */,
				43E41CA5153A0E230073FD83 /* ASICloudFilesContainerRequest.h */,
				43E41CA6153A0E230073FD83 /* ASICloudFilesContainerRequest.m */,
				43E41CA7153A0E230073FD83 /* ASICloudFilesContainerXMLParserDelegate.h */,
				43E41CA8153A0E230073FD83 /* ASICloudFilesContainerXMLParserDelegate.m */,
				43E41CA9153A0E230073FD83 /* ASICloudFilesObject.h */,
				43E41CAA153A0E230073FD83 /* ASICloudFilesObject.m */,
				43E41CAB153A0E230073FD83 /* ASICloudFilesObjectRequest.h */,
				43E41CAC153A0E230073FD83 /* ASICloudFilesObjectRequest.m */,
				43E41CAD153A0E230073FD83 /* ASICloudFilesRequest.h */,
				43E41CAE153A0E230073FD83 /* ASICloudFilesRequest.m */,
			);
			path = CloudFiles;
			sourceTree = "<group>";
		};
		43E41CC4153A0E230073FD83 /* en.lproj */ = {
			isa = PBXGroup;
			children = (
				43E41CC5153A0E230073FD83 /* InfoPlist.strings */,
			);
			path = en.lproj;
			sourceTree = "<group>";
		};
		43E41CD0153A0E230073FD83 /* GHUnit */ = {
			isa = PBXGroup;
			children = (
				43E41CD1153A0E230073FD83 /* README-GHUnit */,
			);
			path = GHUnit;
			sourceTree = "<group>";
		};
		43E41CDD153A0E230073FD83 /* Reachability */ = {
			isa = PBXGroup;
			children = (
				43E41CDE153A0E230073FD83 /* Reachability.h */,
				43E41CDF153A0E230073FD83 /* Reachability.m */,
			);
			path = Reachability;
			sourceTree = "<group>";
		};
		43E41CE0153A0E230073FD83 /* S3 */ = {
			isa = PBXGroup;
			children = (
				43E41CE1153A0E230073FD83 /* ASINSXMLParserCompat.h */,
				43E41CE2153A0E230073FD83 /* ASIS3Bucket.h */,
				43E41CE3153A0E230073FD83 /* ASIS3Bucket.m */,
				43E41CE4153A0E230073FD83 /* ASIS3BucketObject.h */,
				43E41CE5153A0E230073FD83 /* ASIS3BucketObject.m */,
				43E41CE6153A0E230073FD83 /* ASIS3BucketRequest.h */,
				43E41CE7153A0E230073FD83 /* ASIS3BucketRequest.m */,
				43E41CE8153A0E230073FD83 /* ASIS3ObjectRequest.h */,
				43E41CE9153A0E230073FD83 /* ASIS3ObjectRequest.m */,
				43E41CEA153A0E230073FD83 /* ASIS3Request.h */,
				43E41CEB153A0E230073FD83 /* ASIS3Request.m */,
				43E41CEC153A0E230073FD83 /* ASIS3ServiceRequest.h */,
				43E41CED153A0E230073FD83 /* ASIS3ServiceRequest.m */,
			);
			path = S3;
			sourceTree = "<group>";
		};
		43E41CF0153A0E230073FD83 /* savedPhotos */ = {
			isa = PBXGroup;
			children = (
			);
			path = savedPhotos;
			sourceTree = "<group>";
		};
		43E41D3B153A0E340073FD83 /* ASIHTTPRequest */ = {
			isa = PBXGroup;
			children = (
				43E41CA0153A0E230073FD83 /* CloudFiles */,
				43E41CD0153A0E230073FD83 /* GHUnit */,
				43E41CDD153A0E230073FD83 /* Reachability */,
				43E41CE0153A0E230073FD83 /* S3 */,
				43E41C84153A0E230073FD83 /* ASIAuthenticationDialog.h */,
				43E41C85153A0E230073FD83 /* ASIAuthenticationDialog.m */,
				43E41C86153A0E230073FD83 /* ASICacheDelegate.h */,
				43E41C87153A0E230073FD83 /* ASIDataCompressor.h */,
				43E41C88153A0E230073FD83 /* ASIDataCompressor.m */,
				43E41C89153A0E230073FD83 /* ASIDataDecompressor.h */,
				43E41C8A153A0E230073FD83 /* ASIDataDecompressor.m */,
				43E41C8B153A0E230073FD83 /* ASIDownloadCache.h */,
				43E41C8C153A0E230073FD83 /* ASIDownloadCache.m */,
				43E41C8D153A0E230073FD83 /* ASIFormDataRequest.h */,
				43E41C8E153A0E230073FD83 /* ASIFormDataRequest.m */,
				43E41C8F153A0E230073FD83 /* ASIHTTPRequest.h */,
				43E41C90153A0E230073FD83 /* ASIHTTPRequest.m */,
				43E41C91153A0E230073FD83 /* ASIHTTPRequestConfig.h */,
				43E41C92153A0E230073FD83 /* ASIHTTPRequestDelegate.h */,
				43E41C93153A0E230073FD83 /* ASIInputStream.h */,
				43E41C94153A0E230073FD83 /* ASIInputStream.m */,
				43E41C95153A0E230073FD83 /* ASINetworkQueue.h */,
				43E41C96153A0E230073FD83 /* ASINetworkQueue.m */,
				43E41C97153A0E230073FD83 /* ASIProgressDelegate.h */,
				43E41C98153A0E230073FD83 /* ASIWebPageRequest */,
			);
			name = ASIHTTPRequest;
			sourceTree = "<group>";
		};
		43E41D3C153A0E6E0073FD83 /* Images */ = {
			isa = PBXGroup;
			children = (
				43E41C9B153A0E230073FD83 /* camera2.png */,
				43E41CB5153A0E230073FD83 /* clues.png */,
				43E41CB6153A0E230073FD83 /* clues2.png */,
				43E41CC1153A0E230073FD83 /* disabled.png */,
				43E41CC7153A0E230073FD83 /* end-click.png */,
				43E41CC8153A0E230073FD83 /* end.png */,
				43E41CC9153A0E230073FD83 /* gallery.png */,
				43E41CDA153A0E230073FD83 /* home.png */,
				43E41CEE153A0E230073FD83 /* save-clicked.png */,
				43E41CEF153A0E230073FD83 /* save.png */,
				43E41CF3153A0E230073FD83 /* test_photo.JPG */,
			);
			name = Images;
			sourceTree = "<group>";
		};
		43E41D3D153A0E8B0073FD83 /* ViewControllers */ = {
			isa = PBXGroup;
			children = (
				43E41D42153A0ED80073FD83 /* CluesView */,
				43E41D41153A0EAC0073FD83 /* CameraView */,
				43E41D40153A0EA30073FD83 /* GalleryView */,
				43E41D3F153A0E9D0073FD83 /* AppView */,
			);
			name = ViewControllers;
			sourceTree = "<group>";
		};
		43E41D3E153A0E900073FD83 /* NavControllers */ = {
			isa = PBXGroup;
			children = (
				43E41C7A153A0E230073FD83 /* AppHomeNavigationController.h */,
				43E41C7B153A0E230073FD83 /* AppHomeNavigationController.m */,
				43E41C9C153A0E230073FD83 /* CameraNavigationController.h */,
				43E41C9D153A0E230073FD83 /* CameraNavigationController.m */,
				43E41CB9153A0E230073FD83 /* CluesNavigationController.h */,
				43E41CBA153A0E230073FD83 /* CluesNavigationController.m */,
			);
			name = NavControllers;
			sourceTree = "<group>";
		};
		43E41D3F153A0E9D0073FD83 /* AppView */ = {
			isa = PBXGroup;
			children = (
				43E41C72153A0E230073FD83 /* AppCell.h */,
				43E41C73153A0E230073FD83 /* AppCell.m */,
				43E41C74153A0E230073FD83 /* AppCellData.h */,
				43E41C75153A0E230073FD83 /* AppCellData.m */,
				43E41C76153A0E230073FD83 /* AppEndGameButton.h */,
				43E41C77153A0E230073FD83 /* AppEndGameButton.m */,
				43E41C7C153A0E230073FD83 /* AppLoginButton.h */,
				43E41C7D153A0E230073FD83 /* AppLoginButton.m */,
				43E41C7E153A0E230073FD83 /* AppSettingsViewController.h */,
				43E41C7F153A0E230073FD83 /* AppSettingsViewController.m */,
				43E41C80153A0E230073FD83 /* AppStartViewController.h */,
				43E41C81153A0E230073FD83 /* AppStartViewController.m */,
				43E41D73153A21F50073FD83 /* GameIdField.h */,
				43E41D74153A21F50073FD83 /* GameIdField.m */,
			);
			name = AppView;
			sourceTree = "<group>";
		};
		43E41D40153A0EA30073FD83 /* GalleryView */ = {
			isa = PBXGroup;
			children = (
				43E41CC2153A0E230073FD83 /* EditPhotoViewController.h */,
				43E41CC3153A0E230073FD83 /* EditPhotoViewController.m */,
				43E41CCA153A0E230073FD83 /* GalleryCollectionViewController.h */,
				43E41CCB153A0E230073FD83 /* GalleryCollectionViewController.m */,
				43E41CCC153A0E230073FD83 /* GalleryNavigationController.h */,
				43E41CCD153A0E230073FD83 /* GalleryNavigationController.m */,
				43E41CCE153A0E230073FD83 /* GalleryPhotoViewItem.h */,
				43E41CCF153A0E230073FD83 /* GalleryPhotoViewItem.m */,
			);
			name = GalleryView;
			sourceTree = "<group>";
		};
		43E41D41153A0EAC0073FD83 /* CameraView */ = {
			isa = PBXGroup;
			children = (
				43E41C9E153A0E230073FD83 /* CameraViewController.h */,
				43E41C9F153A0E230073FD83 /* CameraViewController.m */,
			);
			name = CameraView;
			sourceTree = "<group>";
		};
		43E41D42153A0ED80073FD83 /* CluesView */ = {
			isa = PBXGroup;
			children = (
				43E41CF1153A0E230073FD83 /* TagCell.h */,
				43E41CF2153A0E230073FD83 /* TagCell.m */,
				43E41CAF153A0E230073FD83 /* ClueCell.h */,
				43E41CB0153A0E230073FD83 /* ClueCell.m */,
				43E41CB1153A0E230073FD83 /* ClueData.h */,
				43E41CB2153A0E230073FD83 /* ClueData.m */,
				43E41CB3153A0E230073FD83 /* ClueDetailViewController.h */,
				43E41CB4153A0E230073FD83 /* ClueDetailViewController.m */,
				43E41CB7153A0E230073FD83 /* ClueSheet.h */,
				43E41CB8153A0E230073FD83 /* ClueSheet.m */,
				43E41CBB153A0E230073FD83 /* CluesTableViewController.h */,
				43E41CBC153A0E230073FD83 /* CluesTableViewController.m */,
				43E41CBD153A0E230073FD83 /* CluesViewController.h */,
				43E41CBE153A0E230073FD83 /* CluesViewController.m */,
				43E41CBF153A0E230073FD83 /* ClueTagViewController.h */,
				43E41CC0153A0E230073FD83 /* ClueTagViewController.m */,
			);
			name = CluesView;
			sourceTree = "<group>";
		};
		43E41D4E153A0F130073FD83 /* GusUtils */ = {
			isa = PBXGroup;
			children = (
				43E41CDB153A0E230073FD83 /* NSMutableDictionary+ImageMetadata.h */,
				43E41CDC153A0E230073FD83 /* NSMutableDictionary+ImageMetadata.m */,
			);
			name = GusUtils;
			sourceTree = "<group>";
		};
		43E41D64153A0FEC0073FD83 /* Products */ = {
			isa = PBXGroup;
			children = (
				43E41D6D153A0FEC0073FD83 /* libSSToolkit.a */,
				43E41D6F153A0FEC0073FD83 /* SSToolkitTests.app */,
			);
			name = Products;
			sourceTree = "<group>";
		};
		43FFBB07153A0D97009E0751 = {
			isa = PBXGroup;
			children = (
				43E41D63153A0FEC0073FD83 /* SSToolkit.xcodeproj */,
				43E41D61153A0FB80073FD83 /* MobileCoreServices.framework */,
				43E41D5F153A0FB30073FD83 /* CFNetwork.framework */,
				43E41D5D153A0FAE0073FD83 /* SystemConfiguration.framework */,
				43E41D5B153A0FA80073FD83 /* AssetsLibrary.framework */,
				43E41D59153A0FA30073FD83 /* CoreLocation.framework */,
				43E41D57153A0F9D0073FD83 /* CoreMedia.framework */,
				43E41D55153A0F980073FD83 /* ImageIO.framework */,
				43E41D53153A0F8F0073FD83 /* QuartzCore.framework */,
				43E41D51153A0F6D0073FD83 /* libz.dylib */,
				43E41D4F153A0F5E0073FD83 /* libxml2.dylib */,
				43FFBB1C153A0D97009E0751 /* photohunt */,
				43FFBB15153A0D97009E0751 /* Frameworks */,
				43FFBB13153A0D97009E0751 /* Products */,
			);
			sourceTree = "<group>";
		};
		43FFBB13153A0D97009E0751 /* Products */ = {
			isa = PBXGroup;
			children = (
				43FFBB12153A0D97009E0751 /* photohunt.app */,
			);
			name = Products;
			sourceTree = "<group>";
		};
		43FFBB15153A0D97009E0751 /* Frameworks */ = {
			isa = PBXGroup;
			children = (
				43FFBB16153A0D97009E0751 /* UIKit.framework */,
				43FFBB18153A0D97009E0751 /* Foundation.framework */,
				43FFBB1A153A0D97009E0751 /* CoreGraphics.framework */,
			);
			name = Frameworks;
			sourceTree = "<group>";
		};
		43FFBB1C153A0D97009E0751 /* photohunt */ = {
			isa = PBXGroup;
			children = (
				43E41D4E153A0F130073FD83 /* GusUtils */,
				43E41D3E153A0E900073FD83 /* NavControllers */,
				43E41D3D153A0E8B0073FD83 /* ViewControllers */,
				43E41D3C153A0E6E0073FD83 /* Images */,
				43E41D3B153A0E340073FD83 /* ASIHTTPRequest */,
				43E41C78153A0E230073FD83 /* AppHelper.h */,
				43E41C79153A0E230073FD83 /* AppHelper.m */,
				43E41C82153A0E230073FD83 /* AppTabBarController.h */,
				43E41C83153A0E230073FD83 /* AppTabBarController.m */,
				43E41CC4153A0E230073FD83 /* en.lproj */,
				43E41CF0153A0E230073FD83 /* savedPhotos */,
				43FFBB25153A0D97009E0751 /* AppDelegate.h */,
				43FFBB26153A0D97009E0751 /* AppDelegate.m */,
				43FFBB1D153A0D97009E0751 /* Supporting Files */,
			);
			path = photohunt;
			sourceTree = "<group>";
		};
		43FFBB1D153A0D97009E0751 /* Supporting Files */ = {
			isa = PBXGroup;
			children = (
				43FFBB1E153A0D97009E0751 /* photohunt-Info.plist */,
				43FFBB1F153A0D97009E0751 /* InfoPlist.strings */,
				43FFBB22153A0D97009E0751 /* main.m */,
				43FFBB24153A0D97009E0751 /* photohunt-Prefix.pch */,
			);
			name = "Supporting Files";
			sourceTree = "<group>";
		};
/* End PBXGroup section */

/* Begin PBXNativeTarget section */
		43FFBB11153A0D97009E0751 /* photohunt */ = {
			isa = PBXNativeTarget;
			buildConfigurationList = 43FFBB2A153A0D97009E0751 /* Build configuration list for PBXNativeTarget "photohunt" */;
			buildPhases = (
				43FFBB0E153A0D97009E0751 /* Sources */,
				43FFBB0F153A0D97009E0751 /* Frameworks */,
				43FFBB10153A0D97009E0751 /* Resources */,
			);
			buildRules = (
			);
			dependencies = (
				43E41D72153A10030073FD83 /* PBXTargetDependency */,
			);
			name = photohunt;
			productName = photohunt;
			productReference = 43FFBB12153A0D97009E0751 /* photohunt.app */;
			productType = "com.apple.product-type.application";
		};
/* End PBXNativeTarget section */

/* Begin PBXProject section */
		43FFBB09153A0D97009E0751 /* Project object */ = {
			isa = PBXProject;
			attributes = {
				LastUpgradeCheck = 0430;
				ORGANIZATIONNAME = RIT;
			};
			buildConfigurationList = 43FFBB0C153A0D97009E0751 /* Build configuration list for PBXProject "photohunt" */;
			compatibilityVersion = "Xcode 3.2";
			developmentRegion = English;
			hasScannedForEncodings = 0;
			knownRegions = (
				en,
			);
			mainGroup = 43FFBB07153A0D97009E0751;
			productRefGroup = 43FFBB13153A0D97009E0751 /* Products */;
			projectDirPath = "";
			projectReferences = (
				{
					ProductGroup = 43E41D64153A0FEC0073FD83 /* Products */;
					ProjectRef = 43E41D63153A0FEC0073FD83 /* SSToolkit.xcodeproj */;
				},
			);
			projectRoot = "";
			targets = (
				43FFBB11153A0D97009E0751 /* photohunt */,
			);
		};
/* End PBXProject section */

/* Begin PBXReferenceProxy section */
		43E41D6D153A0FEC0073FD83 /* libSSToolkit.a */ = {
			isa = PBXReferenceProxy;
			fileType = archive.ar;
			path = libSSToolkit.a;
			remoteRef = 43E41D6C153A0FEC0073FD83 /* PBXContainerItemProxy */;
			sourceTree = BUILT_PRODUCTS_DIR;
		};
		43E41D6F153A0FEC0073FD83 /* SSToolkitTests.app */ = {
			isa = PBXReferenceProxy;
			fileType = wrapper.application;
			path = SSToolkitTests.app;
			remoteRef = 43E41D6E153A0FEC0073FD83 /* PBXContainerItemProxy */;
			sourceTree = BUILT_PRODUCTS_DIR;
		};
/* End PBXReferenceProxy section */

/* Begin PBXResourcesBuildPhase section */
		43FFBB10153A0D97009E0751 /* Resources */ = {
			isa = PBXResourcesBuildPhase;
			buildActionMask = 2147483647;
			files = (
				43FFBB21153A0D97009E0751 /* InfoPlist.strings in Resources */,
				43E41D0A153A0E230073FD83 /* camera2.png in Resources */,
				43E41D17153A0E230073FD83 /* clues.png in Resources */,
				43E41D18153A0E230073FD83 /* clues2.png in Resources */,
				43E41D1E153A0E230073FD83 /* disabled.png in Resources */,
				43E41D20153A0E230073FD83 /* InfoPlist.strings in Resources */,
				43E41D21153A0E230073FD83 /* end-click.png in Resources */,
				43E41D22153A0E230073FD83 /* end.png in Resources */,
				43E41D23153A0E230073FD83 /* gallery.png in Resources */,
				43E41D27153A0E230073FD83 /* README-GHUnit in Resources */,
				43E41D2B153A0E230073FD83 /* home.png in Resources */,
				43E41D34153A0E230073FD83 /* save-clicked.png in Resources */,
				43E41D35153A0E230073FD83 /* save.png in Resources */,
				43E41D37153A0E230073FD83 /* test_photo.JPG in Resources */,
			);
			runOnlyForDeploymentPostprocessing = 0;
		};
/* End PBXResourcesBuildPhase section */

/* Begin PBXSourcesBuildPhase section */
		43FFBB0E153A0D97009E0751 /* Sources */ = {
			isa = PBXSourcesBuildPhase;
			buildActionMask = 2147483647;
			files = (
				43FFBB23153A0D97009E0751 /* main.m in Sources */,
				43FFBB27153A0D97009E0751 /* AppDelegate.m in Sources */,
				43E41CF8153A0E230073FD83 /* AppCell.m in Sources */,
				43E41CF9153A0E230073FD83 /* AppCellData.m in Sources */,
				43E41CFA153A0E230073FD83 /* AppEndGameButton.m in Sources */,
				43E41CFB153A0E230073FD83 /* AppHelper.m in Sources */,
				43E41CFC153A0E230073FD83 /* AppHomeNavigationController.m in Sources */,
				43E41CFD153A0E230073FD83 /* AppLoginButton.m in Sources */,
				43E41CFE153A0E230073FD83 /* AppSettingsViewController.m in Sources */,
				43E41CFF153A0E230073FD83 /* AppStartViewController.m in Sources */,
				43E41D00153A0E230073FD83 /* AppTabBarController.m in Sources */,
				43E41D01153A0E230073FD83 /* ASIAuthenticationDialog.m in Sources */,
				43E41D02153A0E230073FD83 /* ASIDataCompressor.m in Sources */,
				43E41D03153A0E230073FD83 /* ASIDataDecompressor.m in Sources */,
				43E41D04153A0E230073FD83 /* ASIDownloadCache.m in Sources */,
				43E41D05153A0E230073FD83 /* ASIFormDataRequest.m in Sources */,
				43E41D06153A0E230073FD83 /* ASIHTTPRequest.m in Sources */,
				43E41D07153A0E230073FD83 /* ASIInputStream.m in Sources */,
				43E41D08153A0E230073FD83 /* ASINetworkQueue.m in Sources */,
				43E41D09153A0E230073FD83 /* ASIWebPageRequest.m in Sources */,
				43E41D0B153A0E230073FD83 /* CameraNavigationController.m in Sources */,
				43E41D0C153A0E230073FD83 /* CameraViewController.m in Sources */,
				43E41D0D153A0E230073FD83 /* ASICloudFilesCDNRequest.m in Sources */,
				43E41D0E153A0E230073FD83 /* ASICloudFilesContainer.m in Sources */,
				43E41D0F153A0E230073FD83 /* ASICloudFilesContainerRequest.m in Sources */,
				43E41D10153A0E230073FD83 /* ASICloudFilesContainerXMLParserDelegate.m in Sources */,
				43E41D11153A0E230073FD83 /* ASICloudFilesObject.m in Sources */,
				43E41D12153A0E230073FD83 /* ASICloudFilesObjectRequest.m in Sources */,
				43E41D13153A0E230073FD83 /* ASICloudFilesRequest.m in Sources */,
				43E41D14153A0E230073FD83 /* ClueCell.m in Sources */,
				43E41D15153A0E230073FD83 /* ClueData.m in Sources */,
				43E41D16153A0E230073FD83 /* ClueDetailViewController.m in Sources */,
				43E41D19153A0E230073FD83 /* ClueSheet.m in Sources */,
				43E41D1A153A0E230073FD83 /* CluesNavigationController.m in Sources */,
				43E41D1B153A0E230073FD83 /* CluesTableViewController.m in Sources */,
				43E41D1C153A0E230073FD83 /* CluesViewController.m in Sources */,
				43E41D1D153A0E230073FD83 /* ClueTagViewController.m in Sources */,
				43E41D1F153A0E230073FD83 /* EditPhotoViewController.m in Sources */,
				43E41D24153A0E230073FD83 /* GalleryCollectionViewController.m in Sources */,
				43E41D25153A0E230073FD83 /* GalleryNavigationController.m in Sources */,
				43E41D26153A0E230073FD83 /* GalleryPhotoViewItem.m in Sources */,
				43E41D2C153A0E230073FD83 /* NSMutableDictionary+ImageMetadata.m in Sources */,
				43E41D2D153A0E230073FD83 /* Reachability.m in Sources */,
				43E41D2E153A0E230073FD83 /* ASIS3Bucket.m in Sources */,
				43E41D2F153A0E230073FD83 /* ASIS3BucketObject.m in Sources */,
				43E41D30153A0E230073FD83 /* ASIS3BucketRequest.m in Sources */,
				43E41D31153A0E230073FD83 /* ASIS3ObjectRequest.m in Sources */,
				43E41D32153A0E230073FD83 /* ASIS3Request.m in Sources */,
				43E41D33153A0E230073FD83 /* ASIS3ServiceRequest.m in Sources */,
				43E41D36153A0E230073FD83 /* TagCell.m in Sources */,
				43E41D75153A21F50073FD83 /* GameIdField.m in Sources */,
			);
			runOnlyForDeploymentPostprocessing = 0;
		};
/* End PBXSourcesBuildPhase section */

/* Begin PBXTargetDependency section */
		43E41D72153A10030073FD83 /* PBXTargetDependency */ = {
			isa = PBXTargetDependency;
			name = SSToolkit;
			targetProxy = 43E41D71153A10030073FD83 /* PBXContainerItemProxy */;
		};
/* End PBXTargetDependency section */

/* Begin PBXVariantGroup section */
		43E41CC5153A0E230073FD83 /* InfoPlist.strings */ = {
			isa = PBXVariantGroup;
			children = (
				43E41CC6153A0E230073FD83 /* en */,
			);
			name = InfoPlist.strings;
			sourceTree = "<group>";
		};
		43FFBB1F153A0D97009E0751 /* InfoPlist.strings */ = {
			isa = PBXVariantGroup;
			children = (
				43FFBB20153A0D97009E0751 /* en */,
			);
			name = InfoPlist.strings;
			sourceTree = "<group>";
		};
/* End PBXVariantGroup section */

/* Begin XCBuildConfiguration section */
		43FFBB28153A0D97009E0751 /* Debug */ = {
			isa = XCBuildConfiguration;
			buildSettings = {
				ALWAYS_SEARCH_USER_PATHS = NO;
				ARCHS = "$(ARCHS_STANDARD_32_BIT)";
				CLANG_ENABLE_OBJC_ARC = YES;
				"CODE_SIGN_IDENTITY[sdk=iphoneos*]" = "iPhone Developer";
				COPY_PHASE_STRIP = NO;
				GCC_C_LANGUAGE_STANDARD = gnu99;
				GCC_DYNAMIC_NO_PIC = NO;
				GCC_OPTIMIZATION_LEVEL = 0;
				GCC_PREPROCESSOR_DEFINITIONS = (
					"DEBUG=1",
					"$(inherited)",
				);
				GCC_SYMBOLS_PRIVATE_EXTERN = NO;
				GCC_VERSION = com.apple.compilers.llvm.clang.1_0;
				GCC_WARN_ABOUT_RETURN_TYPE = YES;
				GCC_WARN_UNINITIALIZED_AUTOS = YES;
				GCC_WARN_UNUSED_VARIABLE = YES;
				IPHONEOS_DEPLOYMENT_TARGET = 5.1;
				SDKROOT = iphoneos;
			};
			name = Debug;
		};
		43FFBB29153A0D97009E0751 /* Release */ = {
			isa = XCBuildConfiguration;
			buildSettings = {
				ALWAYS_SEARCH_USER_PATHS = NO;
				ARCHS = "$(ARCHS_STANDARD_32_BIT)";
				CLANG_ENABLE_OBJC_ARC = YES;
				"CODE_SIGN_IDENTITY[sdk=iphoneos*]" = "iPhone Developer";
				COPY_PHASE_STRIP = YES;
				GCC_C_LANGUAGE_STANDARD = gnu99;
				GCC_VERSION = com.apple.compilers.llvm.clang.1_0;
				GCC_WARN_ABOUT_RETURN_TYPE = YES;
				GCC_WARN_UNINITIALIZED_AUTOS = YES;
				GCC_WARN_UNUSED_VARIABLE = YES;
				IPHONEOS_DEPLOYMENT_TARGET = 5.1;
				OTHER_CFLAGS = "-DNS_BLOCK_ASSERTIONS=1";
				SDKROOT = iphoneos;
				VALIDATE_PRODUCT = YES;
			};
			name = Release;
		};
		43FFBB2B153A0D97009E0751 /* Debug */ = {
			isa = XCBuildConfiguration;
			buildSettings = {
				GCC_PRECOMPILE_PREFIX_HEADER = YES;
				GCC_PREFIX_HEADER = "photohunt/photohunt-Prefix.pch";
				HEADER_SEARCH_PATHS = (
					"/Users/seanmcgary/Code/CSH_PHotohunt_Files/photohunt/Vendor/SSToolkit/**",
					"${SDK_DIR}/usr/include/libxml2/**",
				);
				INFOPLIST_FILE = "photohunt/photohunt-Info.plist";
				IPHONEOS_DEPLOYMENT_TARGET = 5.0;
				OTHER_LDFLAGS = (
					"-all_load",
					"-ObjC",
				);
				PRODUCT_NAME = "$(TARGET_NAME)";
				WRAPPER_EXTENSION = app;
			};
			name = Debug;
		};
		43FFBB2C153A0D97009E0751 /* Release */ = {
			isa = XCBuildConfiguration;
			buildSettings = {
				GCC_PRECOMPILE_PREFIX_HEADER = YES;
				GCC_PREFIX_HEADER = "photohunt/photohunt-Prefix.pch";
				HEADER_SEARCH_PATHS = (
					"/Users/seanmcgary/Code/CSH_PHotohunt_Files/photohunt/Vendor/SSToolkit/**",
					"${SDK_DIR}/usr/include/libxml2/**",
				);
				INFOPLIST_FILE = "photohunt/photohunt-Info.plist";
				IPHONEOS_DEPLOYMENT_TARGET = 5.0;
				OTHER_LDFLAGS = (
					"-all_load",
					"-ObjC",
				);
				PRODUCT_NAME = "$(TARGET_NAME)";
				WRAPPER_EXTENSION = app;
			};
			name = Release;
		};
/* End XCBuildConfiguration section */

/* Begin XCConfigurationList section */
		43FFBB0C153A0D97009E0751 /* Build configuration list for PBXProject "photohunt" */ = {
			isa = XCConfigurationList;
			buildConfigurations = (
				43FFBB28153A0D97009E0751 /* Debug */,
				43FFBB29153A0D97009E0751 /* Release */,
			);
			defaultConfigurationIsVisible = 0;
			defaultConfigurationName = Release;
		};
		43FFBB2A153A0D97009E0751 /* Build configuration list for PBXNativeTarget "photohunt" */ = {
			isa = XCConfigurationList;
			buildConfigurations = (
				43FFBB2B153A0D97009E0751 /* Debug */,
				43FFBB2C153A0D97009E0751 /* Release */,
			);
			defaultConfigurationIsVisible = 0;
			defaultConfigurationName = Release;
		};
/* End XCConfigurationList section */
	};
	rootObject = 43FFBB09153A0D97009E0751 /* Project object */;
}
