// !$*UTF8*$!
{
	archiveVersion = 1;
	classes = {
	};
	objectVersion = 46;
	objects = {

/* Begin PBXBuildFile section */
		430C075F151E5B8400FC7C4F /* UIKit.framework in Frameworks */ = {isa = PBXBuildFile; fileRef = 430C075E151E5B8400FC7C4F /* UIKit.framework */; };
		430C0761151E5B8400FC7C4F /* Foundation.framework in Frameworks */ = {isa = PBXBuildFile; fileRef = 430C0760151E5B8400FC7C4F /* Foundation.framework */; };
		430C0763151E5B8400FC7C4F /* CoreGraphics.framework in Frameworks */ = {isa = PBXBuildFile; fileRef = 430C0762151E5B8400FC7C4F /* CoreGraphics.framework */; };
		430C0769151E5B8400FC7C4F /* InfoPlist.strings in Resources */ = {isa = PBXBuildFile; fileRef = 430C0767151E5B8400FC7C4F /* InfoPlist.strings */; };
		430C076B151E5B8400FC7C4F /* main.m in Sources */ = {isa = PBXBuildFile; fileRef = 430C076A151E5B8400FC7C4F /* main.m */; };
		430C076F151E5B8400FC7C4F /* AppDelegate.m in Sources */ = {isa = PBXBuildFile; fileRef = 430C076E151E5B8400FC7C4F /* AppDelegate.m */; };
		430C077B151E5BDF00FC7C4F /* CameraNavigationController.m in Sources */ = {isa = PBXBuildFile; fileRef = 430C077A151E5BDF00FC7C4F /* CameraNavigationController.m */; };
		430C0784151E5D7900FC7C4F /* GalleryViewController.m in Sources */ = {isa = PBXBuildFile; fileRef = 430C0783151E5D7900FC7C4F /* GalleryViewController.m */; };
		430C078A151E5F9400FC7C4F /* AppStartViewController.m in Sources */ = {isa = PBXBuildFile; fileRef = 430C0789151E5F9300FC7C4F /* AppStartViewController.m */; };
		430ED6A615210D53000AD64E /* test_photo.JPG in Resources */ = {isa = PBXBuildFile; fileRef = 430ED6A515210D53000AD64E /* test_photo.JPG */; };
		431532D3153207A600F5A42E /* GMGridView.m in Sources */ = {isa = PBXBuildFile; fileRef = 431532C9153207A600F5A42E /* GMGridView.m */; };
		431532D4153207A600F5A42E /* GMGridViewCell.m in Sources */ = {isa = PBXBuildFile; fileRef = 431532CB153207A600F5A42E /* GMGridViewCell.m */; };
		431532D5153207A600F5A42E /* GMGridViewLayoutStrategies.m in Sources */ = {isa = PBXBuildFile; fileRef = 431532CE153207A600F5A42E /* GMGridViewLayoutStrategies.m */; };
		431532D6153207A600F5A42E /* UIGestureRecognizer+GMGridViewAdditions.m in Sources */ = {isa = PBXBuildFile; fileRef = 431532D0153207A600F5A42E /* UIGestureRecognizer+GMGridViewAdditions.m */; };
		431532D7153207A600F5A42E /* UIView+GMGridViewAdditions.m in Sources */ = {isa = PBXBuildFile; fileRef = 431532D2153207A600F5A42E /* UIView+GMGridViewAdditions.m */; };
		431532DA1532090A00F5A42E /* EditPhotoViewController.m in Sources */ = {isa = PBXBuildFile; fileRef = 431532D91532090A00F5A42E /* EditPhotoViewController.m */; };
		431532DC15320E3100F5A42E /* savedPhotos in Resources */ = {isa = PBXBuildFile; fileRef = 431532DB15320E3100F5A42E /* savedPhotos */; };
		434340B1151FCAAA006E75C9 /* home.png in Resources */ = {isa = PBXBuildFile; fileRef = 434340B0151FCAAA006E75C9 /* home.png */; };
		434340B5151FCB7E006E75C9 /* gallery.png in Resources */ = {isa = PBXBuildFile; fileRef = 434340B3151FCB7E006E75C9 /* gallery.png */; };
		434340BA151FCC4B006E75C9 /* CluesNavigationController.m in Sources */ = {isa = PBXBuildFile; fileRef = 434340B9151FCC4B006E75C9 /* CluesNavigationController.m */; };
		434340C0151FCE8A006E75C9 /* clues.png in Resources */ = {isa = PBXBuildFile; fileRef = 434340BF151FCE8A006E75C9 /* clues.png */; };
		434340C2151FCEE9006E75C9 /* clues2.png in Resources */ = {isa = PBXBuildFile; fileRef = 434340C1151FCEE8006E75C9 /* clues2.png */; };
		434340C4151FCF22006E75C9 /* camera2.png in Resources */ = {isa = PBXBuildFile; fileRef = 434340C3151FCF22006E75C9 /* camera2.png */; };
		434340CF151FDA3F006E75C9 /* AppCell.m in Sources */ = {isa = PBXBuildFile; fileRef = 434340CE151FDA3F006E75C9 /* AppCell.m */; };
		434340D3151FDAD1006E75C9 /* AppCellData.m in Sources */ = {isa = PBXBuildFile; fileRef = 434340D2151FDAD1006E75C9 /* AppCellData.m */; };
		43965205151E928C0000181C /* AppTabBarController.m in Sources */ = {isa = PBXBuildFile; fileRef = 43965204151E928C0000181C /* AppTabBarController.m */; };
		4397EFC7152E165000399FF2 /* CluesViewController.m in Sources */ = {isa = PBXBuildFile; fileRef = 4397EFC6152E165000399FF2 /* CluesViewController.m */; };
		4397EFFD152E20C700399FF2 /* ASIAuthenticationDialog.m in Sources */ = {isa = PBXBuildFile; fileRef = 4397EFCA152E20C700399FF2 /* ASIAuthenticationDialog.m */; settings = {COMPILER_FLAGS = "-fno-objc-arc"; }; };
		4397EFFE152E20C700399FF2 /* ASIDataCompressor.m in Sources */ = {isa = PBXBuildFile; fileRef = 4397EFCD152E20C700399FF2 /* ASIDataCompressor.m */; settings = {COMPILER_FLAGS = "-fno-objc-arc"; }; };
		4397EFFF152E20C700399FF2 /* ASIDataDecompressor.m in Sources */ = {isa = PBXBuildFile; fileRef = 4397EFCF152E20C700399FF2 /* ASIDataDecompressor.m */; settings = {COMPILER_FLAGS = "-fno-objc-arc"; }; };
		4397F000152E20C700399FF2 /* ASIDownloadCache.m in Sources */ = {isa = PBXBuildFile; fileRef = 4397EFD1152E20C700399FF2 /* ASIDownloadCache.m */; settings = {COMPILER_FLAGS = "-fno-objc-arc"; }; };
		4397F001152E20C700399FF2 /* ASIFormDataRequest.m in Sources */ = {isa = PBXBuildFile; fileRef = 4397EFD3152E20C700399FF2 /* ASIFormDataRequest.m */; settings = {COMPILER_FLAGS = "-fno-objc-arc"; }; };
		4397F002152E20C700399FF2 /* ASIHTTPRequest.m in Sources */ = {isa = PBXBuildFile; fileRef = 4397EFD5152E20C700399FF2 /* ASIHTTPRequest.m */; settings = {COMPILER_FLAGS = "-fno-objc-arc"; }; };
		4397F003152E20C700399FF2 /* ASIInputStream.m in Sources */ = {isa = PBXBuildFile; fileRef = 4397EFD9152E20C700399FF2 /* ASIInputStream.m */; settings = {COMPILER_FLAGS = "-fno-objc-arc"; }; };
		4397F004152E20C700399FF2 /* ASINetworkQueue.m in Sources */ = {isa = PBXBuildFile; fileRef = 4397EFDB152E20C700399FF2 /* ASINetworkQueue.m */; settings = {COMPILER_FLAGS = "-fno-objc-arc"; }; };
		4397F005152E20C700399FF2 /* ASIWebPageRequest.m in Sources */ = {isa = PBXBuildFile; fileRef = 4397EFDF152E20C700399FF2 /* ASIWebPageRequest.m */; settings = {COMPILER_FLAGS = "-fno-objc-arc"; }; };
		4397F006152E20C700399FF2 /* ASICloudFilesCDNRequest.m in Sources */ = {isa = PBXBuildFile; fileRef = 4397EFE2152E20C700399FF2 /* ASICloudFilesCDNRequest.m */; settings = {COMPILER_FLAGS = "-fno-objc-arc"; }; };
		4397F007152E20C700399FF2 /* ASICloudFilesContainer.m in Sources */ = {isa = PBXBuildFile; fileRef = 4397EFE4152E20C700399FF2 /* ASICloudFilesContainer.m */; settings = {COMPILER_FLAGS = "-fno-objc-arc"; }; };
		4397F008152E20C700399FF2 /* ASICloudFilesContainerRequest.m in Sources */ = {isa = PBXBuildFile; fileRef = 4397EFE6152E20C700399FF2 /* ASICloudFilesContainerRequest.m */; settings = {COMPILER_FLAGS = "-fno-objc-arc"; }; };
		4397F009152E20C700399FF2 /* ASICloudFilesContainerXMLParserDelegate.m in Sources */ = {isa = PBXBuildFile; fileRef = 4397EFE8152E20C700399FF2 /* ASICloudFilesContainerXMLParserDelegate.m */; settings = {COMPILER_FLAGS = "-fno-objc-arc"; }; };
		4397F00A152E20C700399FF2 /* ASICloudFilesObject.m in Sources */ = {isa = PBXBuildFile; fileRef = 4397EFEA152E20C700399FF2 /* ASICloudFilesObject.m */; settings = {COMPILER_FLAGS = "-fno-objc-arc"; }; };
		4397F00B152E20C700399FF2 /* ASICloudFilesObjectRequest.m in Sources */ = {isa = PBXBuildFile; fileRef = 4397EFEC152E20C700399FF2 /* ASICloudFilesObjectRequest.m */; settings = {COMPILER_FLAGS = "-fno-objc-arc"; }; };
		4397F00C152E20C700399FF2 /* ASICloudFilesRequest.m in Sources */ = {isa = PBXBuildFile; fileRef = 4397EFEE152E20C700399FF2 /* ASICloudFilesRequest.m */; settings = {COMPILER_FLAGS = "-fno-objc-arc"; }; };
		4397F00D152E20C700399FF2 /* ASIS3Bucket.m in Sources */ = {isa = PBXBuildFile; fileRef = 4397EFF2152E20C700399FF2 /* ASIS3Bucket.m */; settings = {COMPILER_FLAGS = "-fno-objc-arc"; }; };
		4397F00E152E20C700399FF2 /* ASIS3BucketObject.m in Sources */ = {isa = PBXBuildFile; fileRef = 4397EFF4152E20C700399FF2 /* ASIS3BucketObject.m */; settings = {COMPILER_FLAGS = "-fno-objc-arc"; }; };
		4397F00F152E20C700399FF2 /* ASIS3BucketRequest.m in Sources */ = {isa = PBXBuildFile; fileRef = 4397EFF6152E20C700399FF2 /* ASIS3BucketRequest.m */; settings = {COMPILER_FLAGS = "-fno-objc-arc"; }; };
		4397F010152E20C700399FF2 /* ASIS3ObjectRequest.m in Sources */ = {isa = PBXBuildFile; fileRef = 4397EFF8152E20C700399FF2 /* ASIS3ObjectRequest.m */; settings = {COMPILER_FLAGS = "-fno-objc-arc"; }; };
		4397F011152E20C700399FF2 /* ASIS3Request.m in Sources */ = {isa = PBXBuildFile; fileRef = 4397EFFA152E20C700399FF2 /* ASIS3Request.m */; settings = {COMPILER_FLAGS = "-fno-objc-arc"; }; };
		4397F012152E20C700399FF2 /* ASIS3ServiceRequest.m in Sources */ = {isa = PBXBuildFile; fileRef = 4397EFFC152E20C700399FF2 /* ASIS3ServiceRequest.m */; settings = {COMPILER_FLAGS = "-fno-objc-arc"; }; };
		4397F018152E20D500399FF2 /* README-GHUnit in Resources */ = {isa = PBXBuildFile; fileRef = 4397F014152E20D500399FF2 /* README-GHUnit */; };
		4397F019152E20D500399FF2 /* Reachability.m in Sources */ = {isa = PBXBuildFile; fileRef = 4397F017152E20D500399FF2 /* Reachability.m */; settings = {COMPILER_FLAGS = "-fno-objc-arc"; }; };
		4397F01B152E20EB00399FF2 /* MobileCoreServices.framework in Frameworks */ = {isa = PBXBuildFile; fileRef = 4397F01A152E20EB00399FF2 /* MobileCoreServices.framework */; };
		4397F01D152E20FD00399FF2 /* CFNetwork.framework in Frameworks */ = {isa = PBXBuildFile; fileRef = 4397F01C152E20FD00399FF2 /* CFNetwork.framework */; };
		4397F01F152E210700399FF2 /* SystemConfiguration.framework in Frameworks */ = {isa = PBXBuildFile; fileRef = 4397F01E152E210700399FF2 /* SystemConfiguration.framework */; };
		4397F021152E211200399FF2 /* libz.dylib in Frameworks */ = {isa = PBXBuildFile; fileRef = 4397F020152E211200399FF2 /* libz.dylib */; };
		4397F023152E211700399FF2 /* libxml2.dylib in Frameworks */ = {isa = PBXBuildFile; fileRef = 4397F022152E211700399FF2 /* libxml2.dylib */; };
		4397F027152E2A0300399FF2 /* ClueSheet.m in Sources */ = {isa = PBXBuildFile; fileRef = 4397F026152E2A0200399FF2 /* ClueSheet.m */; };
		4397F02A152E386900399FF2 /* ClueCell.m in Sources */ = {isa = PBXBuildFile; fileRef = 4397F029152E386900399FF2 /* ClueCell.m */; };
		4397F02D152E397C00399FF2 /* ClueData.m in Sources */ = {isa = PBXBuildFile; fileRef = 4397F02C152E397C00399FF2 /* ClueData.m */; };
		43AF398E152F833E001EEB92 /* CluesTableViewController.m in Sources */ = {isa = PBXBuildFile; fileRef = 43AF398D152F833E001EEB92 /* CluesTableViewController.m */; };
		43AF3991152F8744001EEB92 /* TagCell.m in Sources */ = {isa = PBXBuildFile; fileRef = 43AF3990152F8743001EEB92 /* TagCell.m */; };
		43AF3995152F8F1F001EEB92 /* ClueDetailViewController.m in Sources */ = {isa = PBXBuildFile; fileRef = 43AF3994152F8F1F001EEB92 /* ClueDetailViewController.m */; };
		43AF3998152FAA62001EEB92 /* CameraViewController.m in Sources */ = {isa = PBXBuildFile; fileRef = 43AF3997152FAA62001EEB92 /* CameraViewController.m */; };
		43AF399A152FAFCF001EEB92 /* AssetsLibrary.framework in Frameworks */ = {isa = PBXBuildFile; fileRef = 43AF3999152FAFCF001EEB92 /* AssetsLibrary.framework */; };
		43AF399C152FB026001EEB92 /* CoreLocation.framework in Frameworks */ = {isa = PBXBuildFile; fileRef = 43AF399B152FB026001EEB92 /* CoreLocation.framework */; };
		43AF39A1152FB4C0001EEB92 /* NSMutableDictionary+ImageMetadata.m in Sources */ = {isa = PBXBuildFile; fileRef = 43AF39A0152FB4C0001EEB92 /* NSMutableDictionary+ImageMetadata.m */; settings = {COMPILER_FLAGS = "-fno-objc-arc"; }; };
		43AF39A3152FB60C001EEB92 /* CoreMedia.framework in Frameworks */ = {isa = PBXBuildFile; fileRef = 43AF39A2152FB60C001EEB92 /* CoreMedia.framework */; };
		43AF39A5152FB6A5001EEB92 /* ImageIO.framework in Frameworks */ = {isa = PBXBuildFile; fileRef = 43AF39A4152FB6A5001EEB92 /* ImageIO.framework */; };
		43B4C4521530D3D600D8EA40 /* AppSettingsViewController.m in Sources */ = {isa = PBXBuildFile; fileRef = 43B4C4511530D3D600D8EA40 /* AppSettingsViewController.m */; };
		43B4C4551530D41B00D8EA40 /* AppHomeNavigationController.m in Sources */ = {isa = PBXBuildFile; fileRef = 43B4C4541530D41B00D8EA40 /* AppHomeNavigationController.m */; };
		43B4C4571530E7AB00D8EA40 /* QuartzCore.framework in Frameworks */ = {isa = PBXBuildFile; fileRef = 43B4C4561530E7AB00D8EA40 /* QuartzCore.framework */; };
		43B4C45D1530FDDF00D8EA40 /* disabled.png in Resources */ = {isa = PBXBuildFile; fileRef = 43B4C4581530FDDF00D8EA40 /* disabled.png */; };
		43B4C45E1530FDDF00D8EA40 /* end-click.png in Resources */ = {isa = PBXBuildFile; fileRef = 43B4C4591530FDDF00D8EA40 /* end-click.png */; };
		43B4C45F1530FDDF00D8EA40 /* end.png in Resources */ = {isa = PBXBuildFile; fileRef = 43B4C45A1530FDDF00D8EA40 /* end.png */; };
		43B4C4601530FDDF00D8EA40 /* save-clicked.png in Resources */ = {isa = PBXBuildFile; fileRef = 43B4C45B1530FDDF00D8EA40 /* save-clicked.png */; };
		43B4C4631530FEE800D8EA40 /* save.png in Resources */ = {isa = PBXBuildFile; fileRef = 43B4C4621530FEE800D8EA40 /* save.png */; };
		43B4C4661530FFA100D8EA40 /* AppHelper.m in Sources */ = {isa = PBXBuildFile; fileRef = 43B4C4651530FFA000D8EA40 /* AppHelper.m */; };
		43B4C46A1531117400D8EA40 /* AppLoginButton.m in Sources */ = {isa = PBXBuildFile; fileRef = 43B4C4691531117400D8EA40 /* AppLoginButton.m */; };
		43B4C46D1531129400D8EA40 /* AppEndGameButton.m in Sources */ = {isa = PBXBuildFile; fileRef = 43B4C46C1531129400D8EA40 /* AppEndGameButton.m */; };
/* End PBXBuildFile section */

/* Begin PBXFileReference section */
		430C075A151E5B8400FC7C4F /* Photohunt.app */ = {isa = PBXFileReference; explicitFileType = wrapper.application; includeInIndex = 0; path = Photohunt.app; sourceTree = BUILT_PRODUCTS_DIR; };
		430C075E151E5B8400FC7C4F /* UIKit.framework */ = {isa = PBXFileReference; lastKnownFileType = wrapper.framework; name = UIKit.framework; path = System/Library/Frameworks/UIKit.framework; sourceTree = SDKROOT; };
		430C0760151E5B8400FC7C4F /* Foundation.framework */ = {isa = PBXFileReference; lastKnownFileType = wrapper.framework; name = Foundation.framework; path = System/Library/Frameworks/Foundation.framework; sourceTree = SDKROOT; };
		430C0762151E5B8400FC7C4F /* CoreGraphics.framework */ = {isa = PBXFileReference; lastKnownFileType = wrapper.framework; name = CoreGraphics.framework; path = System/Library/Frameworks/CoreGraphics.framework; sourceTree = SDKROOT; };
		430C0766151E5B8400FC7C4F /* Photohunt-Info.plist */ = {isa = PBXFileReference; lastKnownFileType = text.plist.xml; path = "Photohunt-Info.plist"; sourceTree = "<group>"; };
		430C0768151E5B8400FC7C4F /* en */ = {isa = PBXFileReference; lastKnownFileType = text.plist.strings; name = en; path = en.lproj/InfoPlist.strings; sourceTree = "<group>"; };
		430C076A151E5B8400FC7C4F /* main.m */ = {isa = PBXFileReference; lastKnownFileType = sourcecode.c.objc; path = main.m; sourceTree = "<group>"; };
		430C076C151E5B8400FC7C4F /* Photohunt-Prefix.pch */ = {isa = PBXFileReference; lastKnownFileType = sourcecode.c.h; path = "Photohunt-Prefix.pch"; sourceTree = "<group>"; };
		430C076D151E5B8400FC7C4F /* AppDelegate.h */ = {isa = PBXFileReference; lastKnownFileType = sourcecode.c.h; path = AppDelegate.h; sourceTree = "<group>"; };
		430C076E151E5B8400FC7C4F /* AppDelegate.m */ = {isa = PBXFileReference; lastKnownFileType = sourcecode.c.objc; path = AppDelegate.m; sourceTree = "<group>"; };
		430C0779151E5BDF00FC7C4F /* CameraNavigationController.h */ = {isa = PBXFileReference; fileEncoding = 4; lastKnownFileType = sourcecode.c.h; path = CameraNavigationController.h; sourceTree = "<group>"; };
		430C077A151E5BDF00FC7C4F /* CameraNavigationController.m */ = {isa = PBXFileReference; fileEncoding = 4; lastKnownFileType = sourcecode.c.objc; path = CameraNavigationController.m; sourceTree = "<group>"; };
		430C0782151E5D7900FC7C4F /* GalleryViewController.h */ = {isa = PBXFileReference; fileEncoding = 4; lastKnownFileType = sourcecode.c.h; path = GalleryViewController.h; sourceTree = "<group>"; };
		430C0783151E5D7900FC7C4F /* GalleryViewController.m */ = {isa = PBXFileReference; fileEncoding = 4; lastKnownFileType = sourcecode.c.objc; path = GalleryViewController.m; sourceTree = "<group>"; };
		430C0788151E5F9300FC7C4F /* AppStartViewController.h */ = {isa = PBXFileReference; fileEncoding = 4; lastKnownFileType = sourcecode.c.h; path = AppStartViewController.h; sourceTree = "<group>"; };
		430C0789151E5F9300FC7C4F /* AppStartViewController.m */ = {isa = PBXFileReference; fileEncoding = 4; lastKnownFileType = sourcecode.c.objc; path = AppStartViewController.m; sourceTree = "<group>"; };
		430ED6A515210D53000AD64E /* test_photo.JPG */ = {isa = PBXFileReference; lastKnownFileType = image.jpeg; path = test_photo.JPG; sourceTree = "<group>"; };
		431532C7153207A600F5A42E /* GMGridView-Constants.h */ = {isa = PBXFileReference; fileEncoding = 4; lastKnownFileType = sourcecode.c.h; path = "GMGridView-Constants.h"; sourceTree = "<group>"; };
		431532C8153207A600F5A42E /* GMGridView.h */ = {isa = PBXFileReference; fileEncoding = 4; lastKnownFileType = sourcecode.c.h; path = GMGridView.h; sourceTree = "<group>"; };
		431532C9153207A600F5A42E /* GMGridView.m */ = {isa = PBXFileReference; fileEncoding = 4; lastKnownFileType = sourcecode.c.objc; path = GMGridView.m; sourceTree = "<group>"; };
		431532CA153207A600F5A42E /* GMGridViewCell.h */ = {isa = PBXFileReference; fileEncoding = 4; lastKnownFileType = sourcecode.c.h; path = GMGridViewCell.h; sourceTree = "<group>"; };
		431532CB153207A600F5A42E /* GMGridViewCell.m */ = {isa = PBXFileReference; fileEncoding = 4; lastKnownFileType = sourcecode.c.objc; path = GMGridViewCell.m; sourceTree = "<group>"; };
		431532CC153207A600F5A42E /* GMGridViewCell+Extended.h */ = {isa = PBXFileReference; fileEncoding = 4; lastKnownFileType = sourcecode.c.h; path = "GMGridViewCell+Extended.h"; sourceTree = "<group>"; };
		431532CD153207A600F5A42E /* GMGridViewLayoutStrategies.h */ = {isa = PBXFileReference; fileEncoding = 4; lastKnownFileType = sourcecode.c.h; path = GMGridViewLayoutStrategies.h; sourceTree = "<group>"; };
		431532CE153207A600F5A42E /* GMGridViewLayoutStrategies.m */ = {isa = PBXFileReference; fileEncoding = 4; lastKnownFileType = sourcecode.c.objc; path = GMGridViewLayoutStrategies.m; sourceTree = "<group>"; };
		431532CF153207A600F5A42E /* UIGestureRecognizer+GMGridViewAdditions.h */ = {isa = PBXFileReference; fileEncoding = 4; lastKnownFileType = sourcecode.c.h; path = "UIGestureRecognizer+GMGridViewAdditions.h"; sourceTree = "<group>"; };
		431532D0153207A600F5A42E /* UIGestureRecognizer+GMGridViewAdditions.m */ = {isa = PBXFileReference; fileEncoding = 4; lastKnownFileType = sourcecode.c.objc; path = "UIGestureRecognizer+GMGridViewAdditions.m"; sourceTree = "<group>"; };
		431532D1153207A600F5A42E /* UIView+GMGridViewAdditions.h */ = {isa = PBXFileReference; fileEncoding = 4; lastKnownFileType = sourcecode.c.h; path = "UIView+GMGridViewAdditions.h"; sourceTree = "<group>"; };
		431532D2153207A600F5A42E /* UIView+GMGridViewAdditions.m */ = {isa = PBXFileReference; fileEncoding = 4; lastKnownFileType = sourcecode.c.objc; path = "UIView+GMGridViewAdditions.m"; sourceTree = "<group>"; };
		431532D81532090A00F5A42E /* EditPhotoViewController.h */ = {isa = PBXFileReference; fileEncoding = 4; lastKnownFileType = sourcecode.c.h; path = EditPhotoViewController.h; sourceTree = "<group>"; };
		431532D91532090A00F5A42E /* EditPhotoViewController.m */ = {isa = PBXFileReference; fileEncoding = 4; lastKnownFileType = sourcecode.c.objc; path = EditPhotoViewController.m; sourceTree = "<group>"; };
		431532DB15320E3100F5A42E /* savedPhotos */ = {isa = PBXFileReference; lastKnownFileType = folder; path = savedPhotos; sourceTree = "<group>"; };
		434340B0151FCAAA006E75C9 /* home.png */ = {isa = PBXFileReference; lastKnownFileType = image.png; path = home.png; sourceTree = "<group>"; };
		434340B3151FCB7E006E75C9 /* gallery.png */ = {isa = PBXFileReference; lastKnownFileType = image.png; path = gallery.png; sourceTree = "<group>"; };
		434340B8151FCC4A006E75C9 /* CluesNavigationController.h */ = {isa = PBXFileReference; fileEncoding = 4; lastKnownFileType = sourcecode.c.h; path = CluesNavigationController.h; sourceTree = "<group>"; };
		434340B9151FCC4B006E75C9 /* CluesNavigationController.m */ = {isa = PBXFileReference; fileEncoding = 4; lastKnownFileType = sourcecode.c.objc; path = CluesNavigationController.m; sourceTree = "<group>"; };
		434340BF151FCE8A006E75C9 /* clues.png */ = {isa = PBXFileReference; lastKnownFileType = image.png; path = clues.png; sourceTree = "<group>"; };
		434340C1151FCEE8006E75C9 /* clues2.png */ = {isa = PBXFileReference; lastKnownFileType = image.png; path = clues2.png; sourceTree = "<group>"; };
		434340C3151FCF22006E75C9 /* camera2.png */ = {isa = PBXFileReference; lastKnownFileType = image.png; path = camera2.png; sourceTree = "<group>"; };
		434340CD151FDA3F006E75C9 /* AppCell.h */ = {isa = PBXFileReference; fileEncoding = 4; lastKnownFileType = sourcecode.c.h; path = AppCell.h; sourceTree = "<group>"; };
		434340CE151FDA3F006E75C9 /* AppCell.m */ = {isa = PBXFileReference; fileEncoding = 4; lastKnownFileType = sourcecode.c.objc; path = AppCell.m; sourceTree = "<group>"; };
		434340D1151FDAD1006E75C9 /* AppCellData.h */ = {isa = PBXFileReference; fileEncoding = 4; lastKnownFileType = sourcecode.c.h; path = AppCellData.h; sourceTree = "<group>"; };
		434340D2151FDAD1006E75C9 /* AppCellData.m */ = {isa = PBXFileReference; fileEncoding = 4; lastKnownFileType = sourcecode.c.objc; path = AppCellData.m; sourceTree = "<group>"; };
		43965203151E928C0000181C /* AppTabBarController.h */ = {isa = PBXFileReference; fileEncoding = 4; lastKnownFileType = sourcecode.c.h; path = AppTabBarController.h; sourceTree = "<group>"; };
		43965204151E928C0000181C /* AppTabBarController.m */ = {isa = PBXFileReference; fileEncoding = 4; lastKnownFileType = sourcecode.c.objc; path = AppTabBarController.m; sourceTree = "<group>"; };
		4397EFC5152E165000399FF2 /* CluesViewController.h */ = {isa = PBXFileReference; fileEncoding = 4; lastKnownFileType = sourcecode.c.h; path = CluesViewController.h; sourceTree = "<group>"; };
		4397EFC6152E165000399FF2 /* CluesViewController.m */ = {isa = PBXFileReference; fileEncoding = 4; lastKnownFileType = sourcecode.c.objc; path = CluesViewController.m; sourceTree = "<group>"; };
		4397EFC9152E20C700399FF2 /* ASIAuthenticationDialog.h */ = {isa = PBXFileReference; fileEncoding = 4; lastKnownFileType = sourcecode.c.h; path = ASIAuthenticationDialog.h; sourceTree = "<group>"; };
		4397EFCA152E20C700399FF2 /* ASIAuthenticationDialog.m */ = {isa = PBXFileReference; fileEncoding = 4; lastKnownFileType = sourcecode.c.objc; path = ASIAuthenticationDialog.m; sourceTree = "<group>"; };
		4397EFCB152E20C700399FF2 /* ASICacheDelegate.h */ = {isa = PBXFileReference; fileEncoding = 4; lastKnownFileType = sourcecode.c.h; path = ASICacheDelegate.h; sourceTree = "<group>"; };
		4397EFCC152E20C700399FF2 /* ASIDataCompressor.h */ = {isa = PBXFileReference; fileEncoding = 4; lastKnownFileType = sourcecode.c.h; path = ASIDataCompressor.h; sourceTree = "<group>"; };
		4397EFCD152E20C700399FF2 /* ASIDataCompressor.m */ = {isa = PBXFileReference; fileEncoding = 4; lastKnownFileType = sourcecode.c.objc; path = ASIDataCompressor.m; sourceTree = "<group>"; };
		4397EFCE152E20C700399FF2 /* ASIDataDecompressor.h */ = {isa = PBXFileReference; fileEncoding = 4; lastKnownFileType = sourcecode.c.h; path = ASIDataDecompressor.h; sourceTree = "<group>"; };
		4397EFCF152E20C700399FF2 /* ASIDataDecompressor.m */ = {isa = PBXFileReference; fileEncoding = 4; lastKnownFileType = sourcecode.c.objc; path = ASIDataDecompressor.m; sourceTree = "<group>"; };
		4397EFD0152E20C700399FF2 /* ASIDownloadCache.h */ = {isa = PBXFileReference; fileEncoding = 4; lastKnownFileType = sourcecode.c.h; path = ASIDownloadCache.h; sourceTree = "<group>"; };
		4397EFD1152E20C700399FF2 /* ASIDownloadCache.m */ = {isa = PBXFileReference; fileEncoding = 4; lastKnownFileType = sourcecode.c.objc; path = ASIDownloadCache.m; sourceTree = "<group>"; };
		4397EFD2152E20C700399FF2 /* ASIFormDataRequest.h */ = {isa = PBXFileReference; fileEncoding = 4; lastKnownFileType = sourcecode.c.h; path = ASIFormDataRequest.h; sourceTree = "<group>"; };
		4397EFD3152E20C700399FF2 /* ASIFormDataRequest.m */ = {isa = PBXFileReference; fileEncoding = 4; lastKnownFileType = sourcecode.c.objc; path = ASIFormDataRequest.m; sourceTree = "<group>"; };
		4397EFD4152E20C700399FF2 /* ASIHTTPRequest.h */ = {isa = PBXFileReference; fileEncoding = 4; lastKnownFileType = sourcecode.c.h; path = ASIHTTPRequest.h; sourceTree = "<group>"; };
		4397EFD5152E20C700399FF2 /* ASIHTTPRequest.m */ = {isa = PBXFileReference; fileEncoding = 4; lastKnownFileType = sourcecode.c.objc; path = ASIHTTPRequest.m; sourceTree = "<group>"; };
		4397EFD6152E20C700399FF2 /* ASIHTTPRequestConfig.h */ = {isa = PBXFileReference; fileEncoding = 4; lastKnownFileType = sourcecode.c.h; path = ASIHTTPRequestConfig.h; sourceTree = "<group>"; };
		4397EFD7152E20C700399FF2 /* ASIHTTPRequestDelegate.h */ = {isa = PBXFileReference; fileEncoding = 4; lastKnownFileType = sourcecode.c.h; path = ASIHTTPRequestDelegate.h; sourceTree = "<group>"; };
		4397EFD8152E20C700399FF2 /* ASIInputStream.h */ = {isa = PBXFileReference; fileEncoding = 4; lastKnownFileType = sourcecode.c.h; path = ASIInputStream.h; sourceTree = "<group>"; };
		4397EFD9152E20C700399FF2 /* ASIInputStream.m */ = {isa = PBXFileReference; fileEncoding = 4; lastKnownFileType = sourcecode.c.objc; path = ASIInputStream.m; sourceTree = "<group>"; };
		4397EFDA152E20C700399FF2 /* ASINetworkQueue.h */ = {isa = PBXFileReference; fileEncoding = 4; lastKnownFileType = sourcecode.c.h; path = ASINetworkQueue.h; sourceTree = "<group>"; };
		4397EFDB152E20C700399FF2 /* ASINetworkQueue.m */ = {isa = PBXFileReference; fileEncoding = 4; lastKnownFileType = sourcecode.c.objc; path = ASINetworkQueue.m; sourceTree = "<group>"; };
		4397EFDC152E20C700399FF2 /* ASIProgressDelegate.h */ = {isa = PBXFileReference; fileEncoding = 4; lastKnownFileType = sourcecode.c.h; path = ASIProgressDelegate.h; sourceTree = "<group>"; };
		4397EFDE152E20C700399FF2 /* ASIWebPageRequest.h */ = {isa = PBXFileReference; fileEncoding = 4; lastKnownFileType = sourcecode.c.h; path = ASIWebPageRequest.h; sourceTree = "<group>"; };
		4397EFDF152E20C700399FF2 /* ASIWebPageRequest.m */ = {isa = PBXFileReference; fileEncoding = 4; lastKnownFileType = sourcecode.c.objc; path = ASIWebPageRequest.m; sourceTree = "<group>"; };
		4397EFE1152E20C700399FF2 /* ASICloudFilesCDNRequest.h */ = {isa = PBXFileReference; fileEncoding = 4; lastKnownFileType = sourcecode.c.h; path = ASICloudFilesCDNRequest.h; sourceTree = "<group>"; };
		4397EFE2152E20C700399FF2 /* ASICloudFilesCDNRequest.m */ = {isa = PBXFileReference; fileEncoding = 4; lastKnownFileType = sourcecode.c.objc; path = ASICloudFilesCDNRequest.m; sourceTree = "<group>"; };
		4397EFE3152E20C700399FF2 /* ASICloudFilesContainer.h */ = {isa = PBXFileReference; fileEncoding = 4; lastKnownFileType = sourcecode.c.h; path = ASICloudFilesContainer.h; sourceTree = "<group>"; };
		4397EFE4152E20C700399FF2 /* ASICloudFilesContainer.m */ = {isa = PBXFileReference; fileEncoding = 4; lastKnownFileType = sourcecode.c.objc; path = ASICloudFilesContainer.m; sourceTree = "<group>"; };
		4397EFE5152E20C700399FF2 /* ASICloudFilesContainerRequest.h */ = {isa = PBXFileReference; fileEncoding = 4; lastKnownFileType = sourcecode.c.h; path = ASICloudFilesContainerRequest.h; sourceTree = "<group>"; };
		4397EFE6152E20C700399FF2 /* ASICloudFilesContainerRequest.m */ = {isa = PBXFileReference; fileEncoding = 4; lastKnownFileType = sourcecode.c.objc; path = ASICloudFilesContainerRequest.m; sourceTree = "<group>"; };
		4397EFE7152E20C700399FF2 /* ASICloudFilesContainerXMLParserDelegate.h */ = {isa = PBXFileReference; fileEncoding = 4; lastKnownFileType = sourcecode.c.h; path = ASICloudFilesContainerXMLParserDelegate.h; sourceTree = "<group>"; };
		4397EFE8152E20C700399FF2 /* ASICloudFilesContainerXMLParserDelegate.m */ = {isa = PBXFileReference; fileEncoding = 4; lastKnownFileType = sourcecode.c.objc; path = ASICloudFilesContainerXMLParserDelegate.m; sourceTree = "<group>"; };
		4397EFE9152E20C700399FF2 /* ASICloudFilesObject.h */ = {isa = PBXFileReference; fileEncoding = 4; lastKnownFileType = sourcecode.c.h; path = ASICloudFilesObject.h; sourceTree = "<group>"; };
		4397EFEA152E20C700399FF2 /* ASICloudFilesObject.m */ = {isa = PBXFileReference; fileEncoding = 4; lastKnownFileType = sourcecode.c.objc; path = ASICloudFilesObject.m; sourceTree = "<group>"; };
		4397EFEB152E20C700399FF2 /* ASICloudFilesObjectRequest.h */ = {isa = PBXFileReference; fileEncoding = 4; lastKnownFileType = sourcecode.c.h; path = ASICloudFilesObjectRequest.h; sourceTree = "<group>"; };
		4397EFEC152E20C700399FF2 /* ASICloudFilesObjectRequest.m */ = {isa = PBXFileReference; fileEncoding = 4; lastKnownFileType = sourcecode.c.objc; path = ASICloudFilesObjectRequest.m; sourceTree = "<group>"; };
		4397EFED152E20C700399FF2 /* ASICloudFilesRequest.h */ = {isa = PBXFileReference; fileEncoding = 4; lastKnownFileType = sourcecode.c.h; path = ASICloudFilesRequest.h; sourceTree = "<group>"; };
		4397EFEE152E20C700399FF2 /* ASICloudFilesRequest.m */ = {isa = PBXFileReference; fileEncoding = 4; lastKnownFileType = sourcecode.c.objc; path = ASICloudFilesRequest.m; sourceTree = "<group>"; };
		4397EFF0152E20C700399FF2 /* ASINSXMLParserCompat.h */ = {isa = PBXFileReference; fileEncoding = 4; lastKnownFileType = sourcecode.c.h; path = ASINSXMLParserCompat.h; sourceTree = "<group>"; };
		4397EFF1152E20C700399FF2 /* ASIS3Bucket.h */ = {isa = PBXFileReference; fileEncoding = 4; lastKnownFileType = sourcecode.c.h; path = ASIS3Bucket.h; sourceTree = "<group>"; };
		4397EFF2152E20C700399FF2 /* ASIS3Bucket.m */ = {isa = PBXFileReference; fileEncoding = 4; lastKnownFileType = sourcecode.c.objc; path = ASIS3Bucket.m; sourceTree = "<group>"; };
		4397EFF3152E20C700399FF2 /* ASIS3BucketObject.h */ = {isa = PBXFileReference; fileEncoding = 4; lastKnownFileType = sourcecode.c.h; path = ASIS3BucketObject.h; sourceTree = "<group>"; };
		4397EFF4152E20C700399FF2 /* ASIS3BucketObject.m */ = {isa = PBXFileReference; fileEncoding = 4; lastKnownFileType = sourcecode.c.objc; path = ASIS3BucketObject.m; sourceTree = "<group>"; };
		4397EFF5152E20C700399FF2 /* ASIS3BucketRequest.h */ = {isa = PBXFileReference; fileEncoding = 4; lastKnownFileType = sourcecode.c.h; path = ASIS3BucketRequest.h; sourceTree = "<group>"; };
		4397EFF6152E20C700399FF2 /* ASIS3BucketRequest.m */ = {isa = PBXFileReference; fileEncoding = 4; lastKnownFileType = sourcecode.c.objc; path = ASIS3BucketRequest.m; sourceTree = "<group>"; };
		4397EFF7152E20C700399FF2 /* ASIS3ObjectRequest.h */ = {isa = PBXFileReference; fileEncoding = 4; lastKnownFileType = sourcecode.c.h; path = ASIS3ObjectRequest.h; sourceTree = "<group>"; };
		4397EFF8152E20C700399FF2 /* ASIS3ObjectRequest.m */ = {isa = PBXFileReference; fileEncoding = 4; lastKnownFileType = sourcecode.c.objc; path = ASIS3ObjectRequest.m; sourceTree = "<group>"; };
		4397EFF9152E20C700399FF2 /* ASIS3Request.h */ = {isa = PBXFileReference; fileEncoding = 4; lastKnownFileType = sourcecode.c.h; path = ASIS3Request.h; sourceTree = "<group>"; };
		4397EFFA152E20C700399FF2 /* ASIS3Request.m */ = {isa = PBXFileReference; fileEncoding = 4; lastKnownFileType = sourcecode.c.objc; path = ASIS3Request.m; sourceTree = "<group>"; };
		4397EFFB152E20C700399FF2 /* ASIS3ServiceRequest.h */ = {isa = PBXFileReference; fileEncoding = 4; lastKnownFileType = sourcecode.c.h; path = ASIS3ServiceRequest.h; sourceTree = "<group>"; };
		4397EFFC152E20C700399FF2 /* ASIS3ServiceRequest.m */ = {isa = PBXFileReference; fileEncoding = 4; lastKnownFileType = sourcecode.c.objc; path = ASIS3ServiceRequest.m; sourceTree = "<group>"; };
		4397F014152E20D500399FF2 /* README-GHUnit */ = {isa = PBXFileReference; fileEncoding = 4; lastKnownFileType = text; path = "README-GHUnit"; sourceTree = "<group>"; };
		4397F016152E20D500399FF2 /* Reachability.h */ = {isa = PBXFileReference; fileEncoding = 4; lastKnownFileType = sourcecode.c.h; path = Reachability.h; sourceTree = "<group>"; };
		4397F017152E20D500399FF2 /* Reachability.m */ = {isa = PBXFileReference; fileEncoding = 4; lastKnownFileType = sourcecode.c.objc; path = Reachability.m; sourceTree = "<group>"; };
		4397F01A152E20EB00399FF2 /* MobileCoreServices.framework */ = {isa = PBXFileReference; lastKnownFileType = wrapper.framework; name = MobileCoreServices.framework; path = System/Library/Frameworks/MobileCoreServices.framework; sourceTree = SDKROOT; };
		4397F01C152E20FD00399FF2 /* CFNetwork.framework */ = {isa = PBXFileReference; lastKnownFileType = wrapper.framework; name = CFNetwork.framework; path = System/Library/Frameworks/CFNetwork.framework; sourceTree = SDKROOT; };
		4397F01E152E210700399FF2 /* SystemConfiguration.framework */ = {isa = PBXFileReference; lastKnownFileType = wrapper.framework; name = SystemConfiguration.framework; path = System/Library/Frameworks/SystemConfiguration.framework; sourceTree = SDKROOT; };
		4397F020152E211200399FF2 /* libz.dylib */ = {isa = PBXFileReference; lastKnownFileType = "compiled.mach-o.dylib"; name = libz.dylib; path = usr/lib/libz.dylib; sourceTree = SDKROOT; };
		4397F022152E211700399FF2 /* libxml2.dylib */ = {isa = PBXFileReference; lastKnownFileType = "compiled.mach-o.dylib"; name = libxml2.dylib; path = usr/lib/libxml2.dylib; sourceTree = SDKROOT; };
		4397F025152E2A0200399FF2 /* ClueSheet.h */ = {isa = PBXFileReference; fileEncoding = 4; lastKnownFileType = sourcecode.c.h; path = ClueSheet.h; sourceTree = "<group>"; };
		4397F026152E2A0200399FF2 /* ClueSheet.m */ = {isa = PBXFileReference; fileEncoding = 4; lastKnownFileType = sourcecode.c.objc; path = ClueSheet.m; sourceTree = "<group>"; };
		4397F028152E386900399FF2 /* ClueCell.h */ = {isa = PBXFileReference; fileEncoding = 4; lastKnownFileType = sourcecode.c.h; path = ClueCell.h; sourceTree = "<group>"; };
		4397F029152E386900399FF2 /* ClueCell.m */ = {isa = PBXFileReference; fileEncoding = 4; lastKnownFileType = sourcecode.c.objc; path = ClueCell.m; sourceTree = "<group>"; };
		4397F02B152E397C00399FF2 /* ClueData.h */ = {isa = PBXFileReference; fileEncoding = 4; lastKnownFileType = sourcecode.c.h; path = ClueData.h; sourceTree = "<group>"; };
		4397F02C152E397C00399FF2 /* ClueData.m */ = {isa = PBXFileReference; fileEncoding = 4; lastKnownFileType = sourcecode.c.objc; path = ClueData.m; sourceTree = "<group>"; };
		43AF398C152F833E001EEB92 /* CluesTableViewController.h */ = {isa = PBXFileReference; fileEncoding = 4; lastKnownFileType = sourcecode.c.h; path = CluesTableViewController.h; sourceTree = "<group>"; };
		43AF398D152F833E001EEB92 /* CluesTableViewController.m */ = {isa = PBXFileReference; fileEncoding = 4; lastKnownFileType = sourcecode.c.objc; path = CluesTableViewController.m; sourceTree = "<group>"; };
		43AF398F152F8743001EEB92 /* TagCell.h */ = {isa = PBXFileReference; fileEncoding = 4; lastKnownFileType = sourcecode.c.h; path = TagCell.h; sourceTree = "<group>"; };
		43AF3990152F8743001EEB92 /* TagCell.m */ = {isa = PBXFileReference; fileEncoding = 4; lastKnownFileType = sourcecode.c.objc; path = TagCell.m; sourceTree = "<group>"; };
		43AF3993152F8F1E001EEB92 /* ClueDetailViewController.h */ = {isa = PBXFileReference; fileEncoding = 4; lastKnownFileType = sourcecode.c.h; path = ClueDetailViewController.h; sourceTree = "<group>"; };
		43AF3994152F8F1F001EEB92 /* ClueDetailViewController.m */ = {isa = PBXFileReference; fileEncoding = 4; lastKnownFileType = sourcecode.c.objc; path = ClueDetailViewController.m; sourceTree = "<group>"; };
		43AF3996152FAA62001EEB92 /* CameraViewController.h */ = {isa = PBXFileReference; fileEncoding = 4; lastKnownFileType = sourcecode.c.h; path = CameraViewController.h; sourceTree = "<group>"; };
		43AF3997152FAA62001EEB92 /* CameraViewController.m */ = {isa = PBXFileReference; fileEncoding = 4; lastKnownFileType = sourcecode.c.objc; path = CameraViewController.m; sourceTree = "<group>"; };
		43AF3999152FAFCF001EEB92 /* AssetsLibrary.framework */ = {isa = PBXFileReference; lastKnownFileType = wrapper.framework; name = AssetsLibrary.framework; path = System/Library/Frameworks/AssetsLibrary.framework; sourceTree = SDKROOT; };
		43AF399B152FB026001EEB92 /* CoreLocation.framework */ = {isa = PBXFileReference; lastKnownFileType = wrapper.framework; name = CoreLocation.framework; path = System/Library/Frameworks/CoreLocation.framework; sourceTree = SDKROOT; };
		43AF399F152FB4C0001EEB92 /* NSMutableDictionary+ImageMetadata.h */ = {isa = PBXFileReference; fileEncoding = 4; lastKnownFileType = sourcecode.c.h; path = "NSMutableDictionary+ImageMetadata.h"; sourceTree = "<group>"; };
		43AF39A0152FB4C0001EEB92 /* NSMutableDictionary+ImageMetadata.m */ = {isa = PBXFileReference; fileEncoding = 4; lastKnownFileType = sourcecode.c.objc; path = "NSMutableDictionary+ImageMetadata.m"; sourceTree = "<group>"; };
		43AF39A2152FB60C001EEB92 /* CoreMedia.framework */ = {isa = PBXFileReference; lastKnownFileType = wrapper.framework; name = CoreMedia.framework; path = System/Library/Frameworks/CoreMedia.framework; sourceTree = SDKROOT; };
		43AF39A4152FB6A5001EEB92 /* ImageIO.framework */ = {isa = PBXFileReference; lastKnownFileType = wrapper.framework; name = ImageIO.framework; path = System/Library/Frameworks/ImageIO.framework; sourceTree = SDKROOT; };
		43B4C4501530D3D600D8EA40 /* AppSettingsViewController.h */ = {isa = PBXFileReference; fileEncoding = 4; lastKnownFileType = sourcecode.c.h; path = AppSettingsViewController.h; sourceTree = "<group>"; };
		43B4C4511530D3D600D8EA40 /* AppSettingsViewController.m */ = {isa = PBXFileReference; fileEncoding = 4; lastKnownFileType = sourcecode.c.objc; path = AppSettingsViewController.m; sourceTree = "<group>"; };
		43B4C4531530D41B00D8EA40 /* AppHomeNavigationController.h */ = {isa = PBXFileReference; fileEncoding = 4; lastKnownFileType = sourcecode.c.h; path = AppHomeNavigationController.h; sourceTree = "<group>"; };
		43B4C4541530D41B00D8EA40 /* AppHomeNavigationController.m */ = {isa = PBXFileReference; fileEncoding = 4; lastKnownFileType = sourcecode.c.objc; path = AppHomeNavigationController.m; sourceTree = "<group>"; };
		43B4C4561530E7AB00D8EA40 /* QuartzCore.framework */ = {isa = PBXFileReference; lastKnownFileType = wrapper.framework; name = QuartzCore.framework; path = System/Library/Frameworks/QuartzCore.framework; sourceTree = SDKROOT; };
		43B4C4581530FDDF00D8EA40 /* disabled.png */ = {isa = PBXFileReference; lastKnownFileType = image.png; path = disabled.png; sourceTree = "<group>"; };
		43B4C4591530FDDF00D8EA40 /* end-click.png */ = {isa = PBXFileReference; lastKnownFileType = image.png; path = "end-click.png"; sourceTree = "<group>"; };
		43B4C45A1530FDDF00D8EA40 /* end.png */ = {isa = PBXFileReference; lastKnownFileType = image.png; path = end.png; sourceTree = "<group>"; };
		43B4C45B1530FDDF00D8EA40 /* save-clicked.png */ = {isa = PBXFileReference; lastKnownFileType = image.png; path = "save-clicked.png"; sourceTree = "<group>"; };
		43B4C4621530FEE800D8EA40 /* save.png */ = {isa = PBXFileReference; lastKnownFileType = image.png; path = save.png; sourceTree = "<group>"; };
		43B4C4641530FFA000D8EA40 /* AppHelper.h */ = {isa = PBXFileReference; fileEncoding = 4; lastKnownFileType = sourcecode.c.h; path = AppHelper.h; sourceTree = "<group>"; };
		43B4C4651530FFA000D8EA40 /* AppHelper.m */ = {isa = PBXFileReference; fileEncoding = 4; lastKnownFileType = sourcecode.c.objc; path = AppHelper.m; sourceTree = "<group>"; };
		43B4C4681531117400D8EA40 /* AppLoginButton.h */ = {isa = PBXFileReference; fileEncoding = 4; lastKnownFileType = sourcecode.c.h; path = AppLoginButton.h; sourceTree = "<group>"; };
		43B4C4691531117400D8EA40 /* AppLoginButton.m */ = {isa = PBXFileReference; fileEncoding = 4; lastKnownFileType = sourcecode.c.objc; path = AppLoginButton.m; sourceTree = "<group>"; };
		43B4C46B1531129400D8EA40 /* AppEndGameButton.h */ = {isa = PBXFileReference; fileEncoding = 4; lastKnownFileType = sourcecode.c.h; path = AppEndGameButton.h; sourceTree = "<group>"; };
		43B4C46C1531129400D8EA40 /* AppEndGameButton.m */ = {isa = PBXFileReference; fileEncoding = 4; lastKnownFileType = sourcecode.c.objc; path = AppEndGameButton.m; sourceTree = "<group>"; };
/* End PBXFileReference section */

/* Begin PBXFrameworksBuildPhase section */
		430C0757151E5B8400FC7C4F /* Frameworks */ = {
			isa = PBXFrameworksBuildPhase;
			buildActionMask = 2147483647;
			files = (
				43B4C4571530E7AB00D8EA40 /* QuartzCore.framework in Frameworks */,
				43AF39A5152FB6A5001EEB92 /* ImageIO.framework in Frameworks */,
				43AF39A3152FB60C001EEB92 /* CoreMedia.framework in Frameworks */,
				43AF399C152FB026001EEB92 /* CoreLocation.framework in Frameworks */,
				43AF399A152FAFCF001EEB92 /* AssetsLibrary.framework in Frameworks */,
				4397F023152E211700399FF2 /* libxml2.dylib in Frameworks */,
				4397F021152E211200399FF2 /* libz.dylib in Frameworks */,
				4397F01F152E210700399FF2 /* SystemConfiguration.framework in Frameworks */,
				4397F01D152E20FD00399FF2 /* CFNetwork.framework in Frameworks */,
				4397F01B152E20EB00399FF2 /* MobileCoreServices.framework in Frameworks */,
				430C075F151E5B8400FC7C4F /* UIKit.framework in Frameworks */,
				430C0761151E5B8400FC7C4F /* Foundation.framework in Frameworks */,
				430C0763151E5B8400FC7C4F /* CoreGraphics.framework in Frameworks */,
			);
			runOnlyForDeploymentPostprocessing = 0;
		};
/* End PBXFrameworksBuildPhase section */

/* Begin PBXGroup section */
		430C074F151E5B8300FC7C4F = {
			isa = PBXGroup;
			children = (
				43B4C4561530E7AB00D8EA40 /* QuartzCore.framework */,
				43AF39A4152FB6A5001EEB92 /* ImageIO.framework */,
				43AF39A2152FB60C001EEB92 /* CoreMedia.framework */,
				43AF399B152FB026001EEB92 /* CoreLocation.framework */,
				43AF3999152FAFCF001EEB92 /* AssetsLibrary.framework */,
				4397F022152E211700399FF2 /* libxml2.dylib */,
				4397F020152E211200399FF2 /* libz.dylib */,
				4397F01E152E210700399FF2 /* SystemConfiguration.framework */,
				4397F01C152E20FD00399FF2 /* CFNetwork.framework */,
				4397F01A152E20EB00399FF2 /* MobileCoreServices.framework */,
				430C0764151E5B8400FC7C4F /* Photohunt */,
				430C075D151E5B8400FC7C4F /* Frameworks */,
				430C075B151E5B8400FC7C4F /* Products */,
			);
			sourceTree = "<group>";
		};
		430C075B151E5B8400FC7C4F /* Products */ = {
			isa = PBXGroup;
			children = (
				430C075A151E5B8400FC7C4F /* Photohunt.app */,
			);
			name = Products;
			sourceTree = "<group>";
		};
		430C075D151E5B8400FC7C4F /* Frameworks */ = {
			isa = PBXGroup;
			children = (
				430C075E151E5B8400FC7C4F /* UIKit.framework */,
				430C0760151E5B8400FC7C4F /* Foundation.framework */,
				430C0762151E5B8400FC7C4F /* CoreGraphics.framework */,
			);
			name = Frameworks;
			sourceTree = "<group>";
		};
		430C0764151E5B8400FC7C4F /* Photohunt */ = {
			isa = PBXGroup;
			children = (
				431532DB15320E3100F5A42E /* savedPhotos */,
				431532C51532079200F5A42E /* GMGridView */,
				43AF399D152FB4A5001EEB92 /* GusUtils */,
				4397EFC8152E20AB00399FF2 /* ASIHTTPRequest */,
				434340CC151FDA1E006E75C9 /* Elements */,
				434340AF151FCA4D006E75C9 /* images */,
				430C0778151E5BBA00FC7C4F /* AppNavigationViewControllers */,
				430C076D151E5B8400FC7C4F /* AppDelegate.h */,
				430C076E151E5B8400FC7C4F /* AppDelegate.m */,
				430C0765151E5B8400FC7C4F /* Supporting Files */,
				43965203151E928C0000181C /* AppTabBarController.h */,
				43965204151E928C0000181C /* AppTabBarController.m */,
			);
			path = Photohunt;
			sourceTree = "<group>";
		};
		430C0765151E5B8400FC7C4F /* Supporting Files */ = {
			isa = PBXGroup;
			children = (
				430C0766151E5B8400FC7C4F /* Photohunt-Info.plist */,
				430C0767151E5B8400FC7C4F /* InfoPlist.strings */,
				430C076A151E5B8400FC7C4F /* main.m */,
				430C076C151E5B8400FC7C4F /* Photohunt-Prefix.pch */,
			);
			name = "Supporting Files";
			sourceTree = "<group>";
		};
		430C0778151E5BBA00FC7C4F /* AppNavigationViewControllers */ = {
			isa = PBXGroup;
			children = (
				434340D0151FDAB8006E75C9 /* AppStartView */,
				434340BB151FCC98006E75C9 /* CluesNavigationController */,
				430C0781151E5C2600FC7C4F /* GalleryViewControllers */,
				430C077F151E5C0B00FC7C4F /* CameraViewControllers */,
				430C0779151E5BDF00FC7C4F /* CameraNavigationController.h */,
				430C077A151E5BDF00FC7C4F /* CameraNavigationController.m */,
				434340B8151FCC4A006E75C9 /* CluesNavigationController.h */,
				434340B9151FCC4B006E75C9 /* CluesNavigationController.m */,
				43B4C4531530D41B00D8EA40 /* AppHomeNavigationController.h */,
				43B4C4541530D41B00D8EA40 /* AppHomeNavigationController.m */,
				43B4C4641530FFA000D8EA40 /* AppHelper.h */,
				43B4C4651530FFA000D8EA40 /* AppHelper.m */,
			);
			name = AppNavigationViewControllers;
			sourceTree = "<group>";
		};
		430C077F151E5C0B00FC7C4F /* CameraViewControllers */ = {
			isa = PBXGroup;
			children = (
				43AF3996152FAA62001EEB92 /* CameraViewController.h */,
				43AF3997152FAA62001EEB92 /* CameraViewController.m */,
				431532D81532090A00F5A42E /* EditPhotoViewController.h */,
				431532D91532090A00F5A42E /* EditPhotoViewController.m */,
			);
			name = CameraViewControllers;
			sourceTree = "<group>";
		};
		430C0781151E5C2600FC7C4F /* GalleryViewControllers */ = {
			isa = PBXGroup;
			children = (
				430C0782151E5D7900FC7C4F /* GalleryViewController.h */,
				430C0783151E5D7900FC7C4F /* GalleryViewController.m */,
			);
			name = GalleryViewControllers;
			sourceTree = "<group>";
		};
		431532C51532079200F5A42E /* GMGridView */ = {
			isa = PBXGroup;
			children = (
				431532C7153207A600F5A42E /* GMGridView-Constants.h */,
				431532C8153207A600F5A42E /* GMGridView.h */,
				431532C9153207A600F5A42E /* GMGridView.m */,
				431532CA153207A600F5A42E /* GMGridViewCell.h */,
				431532CB153207A600F5A42E /* GMGridViewCell.m */,
				431532CC153207A600F5A42E /* GMGridViewCell+Extended.h */,
				431532CD153207A600F5A42E /* GMGridViewLayoutStrategies.h */,
				431532CE153207A600F5A42E /* GMGridViewLayoutStrategies.m */,
				431532CF153207A600F5A42E /* UIGestureRecognizer+GMGridViewAdditions.h */,
				431532D0153207A600F5A42E /* UIGestureRecognizer+GMGridViewAdditions.m */,
				431532D1153207A600F5A42E /* UIView+GMGridViewAdditions.h */,
				431532D2153207A600F5A42E /* UIView+GMGridViewAdditions.m */,
			);
			name = GMGridView;
			sourceTree = "<group>";
		};
		434340AF151FCA4D006E75C9 /* images */ = {
			isa = PBXGroup;
			children = (
				43B4C4621530FEE800D8EA40 /* save.png */,
				43B4C4581530FDDF00D8EA40 /* disabled.png */,
				43B4C4591530FDDF00D8EA40 /* end-click.png */,
				43B4C45A1530FDDF00D8EA40 /* end.png */,
				43B4C45B1530FDDF00D8EA40 /* save-clicked.png */,
				430ED6A515210D53000AD64E /* test_photo.JPG */,
				434340C3151FCF22006E75C9 /* camera2.png */,
				434340C1151FCEE8006E75C9 /* clues2.png */,
				434340BF151FCE8A006E75C9 /* clues.png */,
				434340B3151FCB7E006E75C9 /* gallery.png */,
				434340B0151FCAAA006E75C9 /* home.png */,
			);
			name = images;
			sourceTree = "<group>";
		};
		434340BB151FCC98006E75C9 /* CluesNavigationController */ = {
			isa = PBXGroup;
			children = (
				43AF3992152F87B8001EEB92 /* TableElements */,
				4397F025152E2A0200399FF2 /* ClueSheet.h */,
				4397F026152E2A0200399FF2 /* ClueSheet.m */,
				4397EFC5152E165000399FF2 /* CluesViewController.h */,
				4397EFC6152E165000399FF2 /* CluesViewController.m */,
				4397F02B152E397C00399FF2 /* ClueData.h */,
				4397F02C152E397C00399FF2 /* ClueData.m */,
				43AF398C152F833E001EEB92 /* CluesTableViewController.h */,
				43AF398D152F833E001EEB92 /* CluesTableViewController.m */,
				43AF3993152F8F1E001EEB92 /* ClueDetailViewController.h */,
				43AF3994152F8F1F001EEB92 /* ClueDetailViewController.m */,
			);
			name = CluesNavigationController;
			sourceTree = "<group>";
		};
		434340CC151FDA1E006E75C9 /* Elements */ = {
			isa = PBXGroup;
			children = (
				434340CD151FDA3F006E75C9 /* AppCell.h */,
				434340CE151FDA3F006E75C9 /* AppCell.m */,
			);
			name = Elements;
			sourceTree = "<group>";
		};
		434340D0151FDAB8006E75C9 /* AppStartView */ = {
			isa = PBXGroup;
			children = (
				43B4C4671531115600D8EA40 /* FormElements */,
				430C0788151E5F9300FC7C4F /* AppStartViewController.h */,
				430C0789151E5F9300FC7C4F /* AppStartViewController.m */,
				434340D1151FDAD1006E75C9 /* AppCellData.h */,
				434340D2151FDAD1006E75C9 /* AppCellData.m */,
				43B4C4501530D3D600D8EA40 /* AppSettingsViewController.h */,
				43B4C4511530D3D600D8EA40 /* AppSettingsViewController.m */,
			);
			name = AppStartView;
			sourceTree = "<group>";
		};
		4397EFC8152E20AB00399FF2 /* ASIHTTPRequest */ = {
			isa = PBXGroup;
			children = (
				4397F013152E20D500399FF2 /* GHUnit */,
				4397F015152E20D500399FF2 /* Reachability */,
				4397EFC9152E20C700399FF2 /* ASIAuthenticationDialog.h */,
				4397EFCA152E20C700399FF2 /* ASIAuthenticationDialog.m */,
				4397EFCB152E20C700399FF2 /* ASICacheDelegate.h */,
				4397EFCC152E20C700399FF2 /* ASIDataCompressor.h */,
				4397EFCD152E20C700399FF2 /* ASIDataCompressor.m */,
				4397EFCE152E20C700399FF2 /* ASIDataDecompressor.h */,
				4397EFCF152E20C700399FF2 /* ASIDataDecompressor.m */,
				4397EFD0152E20C700399FF2 /* ASIDownloadCache.h */,
				4397EFD1152E20C700399FF2 /* ASIDownloadCache.m */,
				4397EFD2152E20C700399FF2 /* ASIFormDataRequest.h */,
				4397EFD3152E20C700399FF2 /* ASIFormDataRequest.m */,
				4397EFD4152E20C700399FF2 /* ASIHTTPRequest.h */,
				4397EFD5152E20C700399FF2 /* ASIHTTPRequest.m */,
				4397EFD6152E20C700399FF2 /* ASIHTTPRequestConfig.h */,
				4397EFD7152E20C700399FF2 /* ASIHTTPRequestDelegate.h */,
				4397EFD8152E20C700399FF2 /* ASIInputStream.h */,
				4397EFD9152E20C700399FF2 /* ASIInputStream.m */,
				4397EFDA152E20C700399FF2 /* ASINetworkQueue.h */,
				4397EFDB152E20C700399FF2 /* ASINetworkQueue.m */,
				4397EFDC152E20C700399FF2 /* ASIProgressDelegate.h */,
				4397EFDD152E20C700399FF2 /* ASIWebPageRequest */,
				4397EFE0152E20C700399FF2 /* CloudFiles */,
				4397EFEF152E20C700399FF2 /* S3 */,
			);
			name = ASIHTTPRequest;
			sourceTree = "<group>";
		};
		4397EFDD152E20C700399FF2 /* ASIWebPageRequest */ = {
			isa = PBXGroup;
			children = (
				4397EFDE152E20C700399FF2 /* ASIWebPageRequest.h */,
				4397EFDF152E20C700399FF2 /* ASIWebPageRequest.m */,
			);
			path = ASIWebPageRequest;
			sourceTree = "<group>";
		};
		4397EFE0152E20C700399FF2 /* CloudFiles */ = {
			isa = PBXGroup;
			children = (
				4397EFE1152E20C700399FF2 /* ASICloudFilesCDNRequest.h */,
				4397EFE2152E20C700399FF2 /* ASICloudFilesCDNRequest.m */,
				4397EFE3152E20C700399FF2 /* ASICloudFilesContainer.h */,
				4397EFE4152E20C700399FF2 /* ASICloudFilesContainer.m */,
				4397EFE5152E20C700399FF2 /* ASICloudFilesContainerRequest.h */,
				4397EFE6152E20C700399FF2 /* ASICloudFilesContainerRequest.m */,
				4397EFE7152E20C700399FF2 /* ASICloudFilesContainerXMLParserDelegate.h */,
				4397EFE8152E20C700399FF2 /* ASICloudFilesContainerXMLParserDelegate.m */,
				4397EFE9152E20C700399FF2 /* ASICloudFilesObject.h */,
				4397EFEA152E20C700399FF2 /* ASICloudFilesObject.m */,
				4397EFEB152E20C700399FF2 /* ASICloudFilesObjectRequest.h */,
				4397EFEC152E20C700399FF2 /* ASICloudFilesObjectRequest.m */,
				4397EFED152E20C700399FF2 /* ASICloudFilesRequest.h */,
				4397EFEE152E20C700399FF2 /* ASICloudFilesRequest.m */,
			);
			path = CloudFiles;
			sourceTree = "<group>";
		};
		4397EFEF152E20C700399FF2 /* S3 */ = {
			isa = PBXGroup;
			children = (
				4397EFF0152E20C700399FF2 /* ASINSXMLParserCompat.h */,
				4397EFF1152E20C700399FF2 /* ASIS3Bucket.h */,
				4397EFF2152E20C700399FF2 /* ASIS3Bucket.m */,
				4397EFF3152E20C700399FF2 /* ASIS3BucketObject.h */,
				4397EFF4152E20C700399FF2 /* ASIS3BucketObject.m */,
				4397EFF5152E20C700399FF2 /* ASIS3BucketRequest.h */,
				4397EFF6152E20C700399FF2 /* ASIS3BucketRequest.m */,
				4397EFF7152E20C700399FF2 /* ASIS3ObjectRequest.h */,
				4397EFF8152E20C700399FF2 /* ASIS3ObjectRequest.m */,
				4397EFF9152E20C700399FF2 /* ASIS3Request.h */,
				4397EFFA152E20C700399FF2 /* ASIS3Request.m */,
				4397EFFB152E20C700399FF2 /* ASIS3ServiceRequest.h */,
				4397EFFC152E20C700399FF2 /* ASIS3ServiceRequest.m */,
			);
			path = S3;
			sourceTree = "<group>";
		};
		4397F013152E20D500399FF2 /* GHUnit */ = {
			isa = PBXGroup;
			children = (
				4397F014152E20D500399FF2 /* README-GHUnit */,
			);
			path = GHUnit;
			sourceTree = "<group>";
		};
		4397F015152E20D500399FF2 /* Reachability */ = {
			isa = PBXGroup;
			children = (
				4397F016152E20D500399FF2 /* Reachability.h */,
				4397F017152E20D500399FF2 /* Reachability.m */,
			);
			path = Reachability;
			sourceTree = "<group>";
		};
		43AF3992152F87B8001EEB92 /* TableElements */ = {
			isa = PBXGroup;
			children = (
				4397F028152E386900399FF2 /* ClueCell.h */,
				4397F029152E386900399FF2 /* ClueCell.m */,
				43AF398F152F8743001EEB92 /* TagCell.h */,
				43AF3990152F8743001EEB92 /* TagCell.m */,
			);
			name = TableElements;
			sourceTree = "<group>";
		};
		43AF399D152FB4A5001EEB92 /* GusUtils */ = {
			isa = PBXGroup;
			children = (
				43AF399F152FB4C0001EEB92 /* NSMutableDictionary+ImageMetadata.h */,
				43AF39A0152FB4C0001EEB92 /* NSMutableDictionary+ImageMetadata.m */,
			);
			name = GusUtils;
			sourceTree = "<group>";
		};
		43B4C4671531115600D8EA40 /* FormElements */ = {
			isa = PBXGroup;
			children = (
				43B4C4681531117400D8EA40 /* AppLoginButton.h */,
				43B4C4691531117400D8EA40 /* AppLoginButton.m */,
				43B4C46B1531129400D8EA40 /* AppEndGameButton.h */,
				43B4C46C1531129400D8EA40 /* AppEndGameButton.m */,
			);
			name = FormElements;
			sourceTree = "<group>";
		};
/* End PBXGroup section */

/* Begin PBXNativeTarget section */
		430C0759151E5B8400FC7C4F /* Photohunt */ = {
			isa = PBXNativeTarget;
			buildConfigurationList = 430C0772151E5B8400FC7C4F /* Build configuration list for PBXNativeTarget "Photohunt" */;
			buildPhases = (
				430C0756151E5B8400FC7C4F /* Sources */,
				430C0757151E5B8400FC7C4F /* Frameworks */,
				430C0758151E5B8400FC7C4F /* Resources */,
			);
			buildRules = (
			);
			dependencies = (
			);
			name = Photohunt;
			productName = Photohunt;
			productReference = 430C075A151E5B8400FC7C4F /* Photohunt.app */;
			productType = "com.apple.product-type.application";
		};
/* End PBXNativeTarget section */

/* Begin PBXProject section */
		430C0751151E5B8300FC7C4F /* Project object */ = {
			isa = PBXProject;
			attributes = {
				LastUpgradeCheck = 0430;
				ORGANIZATIONNAME = RIT;
			};
			buildConfigurationList = 430C0754151E5B8300FC7C4F /* Build configuration list for PBXProject "Photohunt" */;
			compatibilityVersion = "Xcode 3.2";
			developmentRegion = English;
			hasScannedForEncodings = 0;
			knownRegions = (
				en,
			);
			mainGroup = 430C074F151E5B8300FC7C4F;
			productRefGroup = 430C075B151E5B8400FC7C4F /* Products */;
			projectDirPath = "";
			projectRoot = "";
			targets = (
				430C0759151E5B8400FC7C4F /* Photohunt */,
			);
		};
/* End PBXProject section */

/* Begin PBXResourcesBuildPhase section */
		430C0758151E5B8400FC7C4F /* Resources */ = {
			isa = PBXResourcesBuildPhase;
			buildActionMask = 2147483647;
			files = (
				430C0769151E5B8400FC7C4F /* InfoPlist.strings in Resources */,
				434340B1151FCAAA006E75C9 /* home.png in Resources */,
				434340B5151FCB7E006E75C9 /* gallery.png in Resources */,
				434340C0151FCE8A006E75C9 /* clues.png in Resources */,
				434340C2151FCEE9006E75C9 /* clues2.png in Resources */,
				434340C4151FCF22006E75C9 /* camera2.png in Resources */,
				430ED6A615210D53000AD64E /* test_photo.JPG in Resources */,
				4397F018152E20D500399FF2 /* README-GHUnit in Resources */,
				43B4C45D1530FDDF00D8EA40 /* disabled.png in Resources */,
				43B4C45E1530FDDF00D8EA40 /* end-click.png in Resources */,
				43B4C45F1530FDDF00D8EA40 /* end.png in Resources */,
				43B4C4601530FDDF00D8EA40 /* save-clicked.png in Resources */,
				43B4C4631530FEE800D8EA40 /* save.png in Resources */,
				431532DC15320E3100F5A42E /* savedPhotos in Resources */,
			);
			runOnlyForDeploymentPostprocessing = 0;
		};
/* End PBXResourcesBuildPhase section */

/* Begin PBXSourcesBuildPhase section */
		430C0756151E5B8400FC7C4F /* Sources */ = {
			isa = PBXSourcesBuildPhase;
			buildActionMask = 2147483647;
			files = (
				430C076B151E5B8400FC7C4F /* main.m in Sources */,
				430C076F151E5B8400FC7C4F /* AppDelegate.m in Sources */,
				430C077B151E5BDF00FC7C4F /* CameraNavigationController.m in Sources */,
				430C0784151E5D7900FC7C4F /* GalleryViewController.m in Sources */,
				430C078A151E5F9400FC7C4F /* AppStartViewController.m in Sources */,
				43965205151E928C0000181C /* AppTabBarController.m in Sources */,
				434340BA151FCC4B006E75C9 /* CluesNavigationController.m in Sources */,
				434340CF151FDA3F006E75C9 /* AppCell.m in Sources */,
				434340D3151FDAD1006E75C9 /* AppCellData.m in Sources */,
				4397EFC7152E165000399FF2 /* CluesViewController.m in Sources */,
				4397EFFD152E20C700399FF2 /* ASIAuthenticationDialog.m in Sources */,
				4397EFFE152E20C700399FF2 /* ASIDataCompressor.m in Sources */,
				4397EFFF152E20C700399FF2 /* ASIDataDecompressor.m in Sources */,
				4397F000152E20C700399FF2 /* ASIDownloadCache.m in Sources */,
				4397F001152E20C700399FF2 /* ASIFormDataRequest.m in Sources */,
				4397F002152E20C700399FF2 /* ASIHTTPRequest.m in Sources */,
				4397F003152E20C700399FF2 /* ASIInputStream.m in Sources */,
				4397F004152E20C700399FF2 /* ASINetworkQueue.m in Sources */,
				4397F005152E20C700399FF2 /* ASIWebPageRequest.m in Sources */,
				4397F006152E20C700399FF2 /* ASICloudFilesCDNRequest.m in Sources */,
				4397F007152E20C700399FF2 /* ASICloudFilesContainer.m in Sources */,
				4397F008152E20C700399FF2 /* ASICloudFilesContainerRequest.m in Sources */,
				4397F009152E20C700399FF2 /* ASICloudFilesContainerXMLParserDelegate.m in Sources */,
				4397F00A152E20C700399FF2 /* ASICloudFilesObject.m in Sources */,
				4397F00B152E20C700399FF2 /* ASICloudFilesObjectRequest.m in Sources */,
				4397F00C152E20C700399FF2 /* ASICloudFilesRequest.m in Sources */,
				4397F00D152E20C700399FF2 /* ASIS3Bucket.m in Sources */,
				4397F00E152E20C700399FF2 /* ASIS3BucketObject.m in Sources */,
				4397F00F152E20C700399FF2 /* ASIS3BucketRequest.m in Sources */,
				4397F010152E20C700399FF2 /* ASIS3ObjectRequest.m in Sources */,
				4397F011152E20C700399FF2 /* ASIS3Request.m in Sources */,
				4397F012152E20C700399FF2 /* ASIS3ServiceRequest.m in Sources */,
				4397F019152E20D500399FF2 /* Reachability.m in Sources */,
				4397F027152E2A0300399FF2 /* ClueSheet.m in Sources */,
				4397F02A152E386900399FF2 /* ClueCell.m in Sources */,
				4397F02D152E397C00399FF2 /* ClueData.m in Sources */,
				43AF398E152F833E001EEB92 /* CluesTableViewController.m in Sources */,
				43AF3991152F8744001EEB92 /* TagCell.m in Sources */,
				43AF3995152F8F1F001EEB92 /* ClueDetailViewController.m in Sources */,
				43AF3998152FAA62001EEB92 /* CameraViewController.m in Sources */,
				43AF39A1152FB4C0001EEB92 /* NSMutableDictionary+ImageMetadata.m in Sources */,
				43B4C4521530D3D600D8EA40 /* AppSettingsViewController.m in Sources */,
				43B4C4551530D41B00D8EA40 /* AppHomeNavigationController.m in Sources */,
				43B4C4661530FFA100D8EA40 /* AppHelper.m in Sources */,
				43B4C46A1531117400D8EA40 /* AppLoginButton.m in Sources */,
				43B4C46D1531129400D8EA40 /* AppEndGameButton.m in Sources */,
				431532D3153207A600F5A42E /* GMGridView.m in Sources */,
				431532D4153207A600F5A42E /* GMGridViewCell.m in Sources */,
				431532D5153207A600F5A42E /* GMGridViewLayoutStrategies.m in Sources */,
				431532D6153207A600F5A42E /* UIGestureRecognizer+GMGridViewAdditions.m in Sources */,
				431532D7153207A600F5A42E /* UIView+GMGridViewAdditions.m in Sources */,
				431532DA1532090A00F5A42E /* EditPhotoViewController.m in Sources */,
			);
			runOnlyForDeploymentPostprocessing = 0;
		};
/* End PBXSourcesBuildPhase section */

/* Begin PBXVariantGroup section */
		430C0767151E5B8400FC7C4F /* InfoPlist.strings */ = {
			isa = PBXVariantGroup;
			children = (
				430C0768151E5B8400FC7C4F /* en */,
			);
			name = InfoPlist.strings;
			sourceTree = "<group>";
		};
/* End PBXVariantGroup section */

/* Begin XCBuildConfiguration section */
		430C0770151E5B8400FC7C4F /* Debug */ = {
			isa = XCBuildConfiguration;
			buildSettings = {
				ALWAYS_SEARCH_USER_PATHS = NO;
				ARCHS = "$(ARCHS_STANDARD_32_BIT)";
				CLANG_ENABLE_OBJC_ARC = YES;
				"CODE_SIGN_IDENTITY[sdk=iphoneos*]" = "iPhone Developer";
				COPY_PHASE_STRIP = NO;
				GCC_C_LANGUAGE_STANDARD = gnu99;
				GCC_DYNAMIC_NO_PIC = NO;
				GCC_OPTIMIZATION_LEVEL = 0;
				GCC_PREPROCESSOR_DEFINITIONS = (
					"DEBUG=1",
					"$(inherited)",
				);
				GCC_SYMBOLS_PRIVATE_EXTERN = NO;
				GCC_VERSION = com.apple.compilers.llvm.clang.1_0;
				GCC_WARN_ABOUT_RETURN_TYPE = YES;
				GCC_WARN_UNINITIALIZED_AUTOS = YES;
				GCC_WARN_UNUSED_VARIABLE = YES;
				IPHONEOS_DEPLOYMENT_TARGET = 5.1;
				SDKROOT = iphoneos;
			};
			name = Debug;
		};
		430C0771151E5B8400FC7C4F /* Release */ = {
			isa = XCBuildConfiguration;
			buildSettings = {
				ALWAYS_SEARCH_USER_PATHS = NO;
				ARCHS = "$(ARCHS_STANDARD_32_BIT)";
				CLANG_ENABLE_OBJC_ARC = YES;
				"CODE_SIGN_IDENTITY[sdk=iphoneos*]" = "iPhone Developer";
				COPY_PHASE_STRIP = YES;
				GCC_C_LANGUAGE_STANDARD = gnu99;
				GCC_VERSION = com.apple.compilers.llvm.clang.1_0;
				GCC_WARN_ABOUT_RETURN_TYPE = YES;
				GCC_WARN_UNINITIALIZED_AUTOS = YES;
				GCC_WARN_UNUSED_VARIABLE = YES;
				IPHONEOS_DEPLOYMENT_TARGET = 5.1;
				OTHER_CFLAGS = "-DNS_BLOCK_ASSERTIONS=1";
				SDKROOT = iphoneos;
				VALIDATE_PRODUCT = YES;
			};
			name = Release;
		};
		430C0773151E5B8400FC7C4F /* Debug */ = {
			isa = XCBuildConfiguration;
			buildSettings = {
				CODE_SIGN_IDENTITY = "iPhone Developer: Sean McGary (E422L43MP4)";
				"CODE_SIGN_IDENTITY[sdk=*]" = "iPhone Developer: Sean McGary (E422L43MP4)";
				"CODE_SIGN_IDENTITY[sdk=iphoneos*]" = "iPhone Developer: Sean McGary (E422L43MP4)";
				GCC_PRECOMPILE_PREFIX_HEADER = YES;
				GCC_PREFIX_HEADER = "Photohunt/Photohunt-Prefix.pch";
				HEADER_SEARCH_PATHS = "${SDK_DIR}/usr/include/libxml2/**";
				INFOPLIST_FILE = "Photohunt/Photohunt-Info.plist";
				IPHONEOS_DEPLOYMENT_TARGET = 5.0;
				PRODUCT_NAME = "$(TARGET_NAME)";
				WRAPPER_EXTENSION = app;
			};
			name = Debug;
		};
		430C0774151E5B8400FC7C4F /* Release */ = {
			isa = XCBuildConfiguration;
			buildSettings = {
				CODE_SIGN_IDENTITY = "iPhone Developer: Sean McGary (E422L43MP4)";
				"CODE_SIGN_IDENTITY[sdk=iphoneos*]" = "iPhone Developer: Sean McGary (E422L43MP4)";
				GCC_PRECOMPILE_PREFIX_HEADER = YES;
				GCC_PREFIX_HEADER = "Photohunt/Photohunt-Prefix.pch";
				HEADER_SEARCH_PATHS = "${SDK_DIR}/usr/include/libxml2/**";
				INFOPLIST_FILE = "Photohunt/Photohunt-Info.plist";
				IPHONEOS_DEPLOYMENT_TARGET = 5.0;
				PRODUCT_NAME = "$(TARGET_NAME)";
				WRAPPER_EXTENSION = app;
			};
			name = Release;
		};
/* End XCBuildConfiguration section */

/* Begin XCConfigurationList section */
		430C0754151E5B8300FC7C4F /* Build configuration list for PBXProject "Photohunt" */ = {
			isa = XCConfigurationList;
			buildConfigurations = (
				430C0770151E5B8400FC7C4F /* Debug */,
				430C0771151E5B8400FC7C4F /* Release */,
			);
			defaultConfigurationIsVisible = 0;
			defaultConfigurationName = Release;
		};
		430C0772151E5B8400FC7C4F /* Build configuration list for PBXNativeTarget "Photohunt" */ = {
			isa = XCConfigurationList;
			buildConfigurations = (
				430C0773151E5B8400FC7C4F /* Debug */,
				430C0774151E5B8400FC7C4F /* Release */,
			);
			defaultConfigurationIsVisible = 0;
			defaultConfigurationName = Release;
		};
/* End XCConfigurationList section */
	};
	rootObject = 430C0751151E5B8300FC7C4F /* Project object */;
}
