// !$*UTF8*$!
{
	archiveVersion = 1;
	classes = {
	};
	objectVersion = 46;
	objects = {

/* Begin PBXBuildFile section */
		43FFBB17153A0D97009E0751 /* UIKit.framework in Frameworks */ = {isa = PBXBuildFile; fileRef = 43FFBB16153A0D97009E0751 /* UIKit.framework */; };
		43FFBB19153A0D97009E0751 /* Foundation.framework in Frameworks */ = {isa = PBXBuildFile; fileRef = 43FFBB18153A0D97009E0751 /* Foundation.framework */; };
		43FFBB1B153A0D97009E0751 /* CoreGraphics.framework in Frameworks */ = {isa = PBXBuildFile; fileRef = 43FFBB1A153A0D97009E0751 /* CoreGraphics.framework */; };
		43FFBB21153A0D97009E0751 /* InfoPlist.strings in Resources */ = {isa = PBXBuildFile; fileRef = 43FFBB1F153A0D97009E0751 /* InfoPlist.strings */; };
		43FFBB23153A0D97009E0751 /* main.m in Sources */ = {isa = PBXBuildFile; fileRef = 43FFBB22153A0D97009E0751 /* main.m */; };
		43FFBB27153A0D97009E0751 /* AppDelegate.m in Sources */ = {isa = PBXBuildFile; fileRef = 43FFBB26153A0D97009E0751 /* AppDelegate.m */; };
/* End PBXBuildFile section */

/* Begin PBXFileReference section */
		43FFBB12153A0D97009E0751 /* photohunt.app */ = {isa = PBXFileReference; explicitFileType = wrapper.application; includeInIndex = 0; path = photohunt.app; sourceTree = BUILT_PRODUCTS_DIR; };
		43FFBB16153A0D97009E0751 /* UIKit.framework */ = {isa = PBXFileReference; lastKnownFileType = wrapper.framework; name = UIKit.framework; path = System/Library/Frameworks/UIKit.framework; sourceTree = SDKROOT; };
		43FFBB18153A0D97009E0751 /* Foundation.framework */ = {isa = PBXFileReference; lastKnownFileType = wrapper.framework; name = Foundation.framework; path = System/Library/Frameworks/Foundation.framework; sourceTree = SDKROOT; };
		43FFBB1A153A0D97009E0751 /* CoreGraphics.framework */ = {isa = PBXFileReference; lastKnownFileType = wrapper.framework; name = CoreGraphics.framework; path = System/Library/Frameworks/CoreGraphics.framework; sourceTree = SDKROOT; };
		43FFBB1E153A0D97009E0751 /* photohunt-Info.plist */ = {isa = PBXFileReference; path = "photohunt-Info.plist"; sourceTree = "<group>"; };
		43FFBB20153A0D97009E0751 /* en */ = {isa = PBXFileReference; lastKnownFileType = text.plist.strings; name = en; path = en.lproj/InfoPlist.strings; sourceTree = "<group>"; };
		43FFBB22153A0D97009E0751 /* main.m */ = {isa = PBXFileReference; lastKnownFileType = sourcecode.c.objc; path = main.m; sourceTree = "<group>"; };
		43FFBB24153A0D97009E0751 /* photohunt-Prefix.pch */ = {isa = PBXFileReference; path = "photohunt-Prefix.pch"; sourceTree = "<group>"; };
		43FFBB25153A0D97009E0751 /* AppDelegate.h */ = {isa = PBXFileReference; path = AppDelegate.h; sourceTree = "<group>"; };
		43FFBB26153A0D97009E0751 /* AppDelegate.m */ = {isa = PBXFileReference; lastKnownFileType = sourcecode.c.objc; path = AppDelegate.m; sourceTree = "<group>"; };
/* End PBXFileReference section */

/* Begin PBXFrameworksBuildPhase section */
		43FFBB0F153A0D97009E0751 /* Frameworks */ = {
			isa = PBXFrameworksBuildPhase;
			buildActionMask = 2147483647;
			files = (
				43FFBB17153A0D97009E0751 /* UIKit.framework in Frameworks */,
				43FFBB19153A0D97009E0751 /* Foundation.framework in Frameworks */,
				43FFBB1B153A0D97009E0751 /* CoreGraphics.framework in Frameworks */,
			);
			runOnlyForDeploymentPostprocessing = 0;
		};
/* End PBXFrameworksBuildPhase section */

/* Begin PBXGroup section */
		43FFBB07153A0D97009E0751 = {
			isa = PBXGroup;
			children = (
				43FFBB1C153A0D97009E0751 /* photohunt */,
				43FFBB15153A0D97009E0751 /* Frameworks */,
				43FFBB13153A0D97009E0751 /* Products */,
			);
			sourceTree = "<group>";
		};
		43FFBB13153A0D97009E0751 /* Products */ = {
			isa = PBXGroup;
			children = (
				43FFBB12153A0D97009E0751 /* photohunt.app */,
			);
			name = Products;
			sourceTree = "<group>";
		};
		43FFBB15153A0D97009E0751 /* Frameworks */ = {
			isa = PBXGroup;
			children = (
				43FFBB16153A0D97009E0751 /* UIKit.framework */,
				43FFBB18153A0D97009E0751 /* Foundation.framework */,
				43FFBB1A153A0D97009E0751 /* CoreGraphics.framework */,
			);
			name = Frameworks;
			sourceTree = "<group>";
		};
		43FFBB1C153A0D97009E0751 /* photohunt */ = {
			isa = PBXGroup;
			children = (
				43FFBB25153A0D97009E0751 /* AppDelegate.h */,
				43FFBB26153A0D97009E0751 /* AppDelegate.m */,
				43FFBB1D153A0D97009E0751 /* Supporting Files */,
			);
			path = photohunt;
			sourceTree = "<group>";
		};
		43FFBB1D153A0D97009E0751 /* Supporting Files */ = {
			isa = PBXGroup;
			children = (
				43FFBB1E153A0D97009E0751 /* photohunt-Info.plist */,
				43FFBB1F153A0D97009E0751 /* InfoPlist.strings */,
				43FFBB22153A0D97009E0751 /* main.m */,
				43FFBB24153A0D97009E0751 /* photohunt-Prefix.pch */,
			);
			name = "Supporting Files";
			sourceTree = "<group>";
		};
/* End PBXGroup section */

/* Begin PBXNativeTarget section */
		43FFBB11153A0D97009E0751 /* photohunt */ = {
			isa = PBXNativeTarget;
			buildConfigurationList = 43FFBB2A153A0D97009E0751 /* Build configuration list for PBXNativeTarget "photohunt" */;
			buildPhases = (
				43FFBB0E153A0D97009E0751 /* Sources */,
				43FFBB0F153A0D97009E0751 /* Frameworks */,
				43FFBB10153A0D97009E0751 /* Resources */,
			);
			buildRules = (
			);
			dependencies = (
			);
			name = photohunt;
			productName = photohunt;
			productReference = 43FFBB12153A0D97009E0751 /* photohunt.app */;
			productType = "com.apple.product-type.application";
		};
/* End PBXNativeTarget section */

/* Begin PBXProject section */
		43FFBB09153A0D97009E0751 /* Project object */ = {
			isa = PBXProject;
			attributes = {
				LastUpgradeCheck = 0430;
				ORGANIZATIONNAME = RIT;
			};
			buildConfigurationList = 43FFBB0C153A0D97009E0751 /* Build configuration list for PBXProject "photohunt" */;
			compatibilityVersion = "Xcode 3.2";
			developmentRegion = English;
			hasScannedForEncodings = 0;
			knownRegions = (
				en,
			);
			mainGroup = 43FFBB07153A0D97009E0751;
			productRefGroup = 43FFBB13153A0D97009E0751 /* Products */;
			projectDirPath = "";
			projectRoot = "";
			targets = (
				43FFBB11153A0D97009E0751 /* photohunt */,
			);
		};
/* End PBXProject section */

/* Begin PBXResourcesBuildPhase section */
		43FFBB10153A0D97009E0751 /* Resources */ = {
			isa = PBXResourcesBuildPhase;
			buildActionMask = 2147483647;
			files = (
				43FFBB21153A0D97009E0751 /* InfoPlist.strings in Resources */,
			);
			runOnlyForDeploymentPostprocessing = 0;
		};
/* End PBXResourcesBuildPhase section */

/* Begin PBXSourcesBuildPhase section */
		43FFBB0E153A0D97009E0751 /* Sources */ = {
			isa = PBXSourcesBuildPhase;
			buildActionMask = 2147483647;
			files = (
				43FFBB23153A0D97009E0751 /* main.m in Sources */,
				43FFBB27153A0D97009E0751 /* AppDelegate.m in Sources */,
			);
			runOnlyForDeploymentPostprocessing = 0;
		};
/* End PBXSourcesBuildPhase section */

/* Begin PBXVariantGroup section */
		43FFBB1F153A0D97009E0751 /* InfoPlist.strings */ = {
			isa = PBXVariantGroup;
			children = (
				43FFBB20153A0D97009E0751 /* en */,
			);
			name = InfoPlist.strings;
			sourceTree = "<group>";
		};
/* End PBXVariantGroup section */

/* Begin XCBuildConfiguration section */
		43FFBB28153A0D97009E0751 /* Debug */ = {
			isa = XCBuildConfiguration;
			buildSettings = {
				ALWAYS_SEARCH_USER_PATHS = NO;
				ARCHS = "$(ARCHS_STANDARD_32_BIT)";
				CLANG_ENABLE_OBJC_ARC = YES;
				"CODE_SIGN_IDENTITY[sdk=iphoneos*]" = "iPhone Developer";
				COPY_PHASE_STRIP = NO;
				GCC_C_LANGUAGE_STANDARD = gnu99;
				GCC_DYNAMIC_NO_PIC = NO;
				GCC_OPTIMIZATION_LEVEL = 0;
				GCC_PREPROCESSOR_DEFINITIONS = (
					"DEBUG=1",
					"$(inherited)",
				);
				GCC_SYMBOLS_PRIVATE_EXTERN = NO;
				GCC_VERSION = com.apple.compilers.llvm.clang.1_0;
				GCC_WARN_ABOUT_RETURN_TYPE = YES;
				GCC_WARN_UNINITIALIZED_AUTOS = YES;
				GCC_WARN_UNUSED_VARIABLE = YES;
				IPHONEOS_DEPLOYMENT_TARGET = 5.1;
				SDKROOT = iphoneos;
			};
			name = Debug;
		};
		43FFBB29153A0D97009E0751 /* Release */ = {
			isa = XCBuildConfiguration;
			buildSettings = {
				ALWAYS_SEARCH_USER_PATHS = NO;
				ARCHS = "$(ARCHS_STANDARD_32_BIT)";
				CLANG_ENABLE_OBJC_ARC = YES;
				"CODE_SIGN_IDENTITY[sdk=iphoneos*]" = "iPhone Developer";
				COPY_PHASE_STRIP = YES;
				GCC_C_LANGUAGE_STANDARD = gnu99;
				GCC_VERSION = com.apple.compilers.llvm.clang.1_0;
				GCC_WARN_ABOUT_RETURN_TYPE = YES;
				GCC_WARN_UNINITIALIZED_AUTOS = YES;
				GCC_WARN_UNUSED_VARIABLE = YES;
				IPHONEOS_DEPLOYMENT_TARGET = 5.1;
				OTHER_CFLAGS = "-DNS_BLOCK_ASSERTIONS=1";
				SDKROOT = iphoneos;
				VALIDATE_PRODUCT = YES;
			};
			name = Release;
		};
		43FFBB2B153A0D97009E0751 /* Debug */ = {
			isa = XCBuildConfiguration;
			buildSettings = {
				GCC_PRECOMPILE_PREFIX_HEADER = YES;
				GCC_PREFIX_HEADER = "photohunt/photohunt-Prefix.pch";
				INFOPLIST_FILE = "photohunt/photohunt-Info.plist";
				PRODUCT_NAME = "$(TARGET_NAME)";
				WRAPPER_EXTENSION = app;
			};
			name = Debug;
		};
		43FFBB2C153A0D97009E0751 /* Release */ = {
			isa = XCBuildConfiguration;
			buildSettings = {
				GCC_PRECOMPILE_PREFIX_HEADER = YES;
				GCC_PREFIX_HEADER = "photohunt/photohunt-Prefix.pch";
				INFOPLIST_FILE = "photohunt/photohunt-Info.plist";
				PRODUCT_NAME = "$(TARGET_NAME)";
				WRAPPER_EXTENSION = app;
			};
			name = Release;
		};
/* End XCBuildConfiguration section */

/* Begin XCConfigurationList section */
		43FFBB0C153A0D97009E0751 /* Build configuration list for PBXProject "photohunt" */ = {
			isa = XCConfigurationList;
			buildConfigurations = (
				43FFBB28153A0D97009E0751 /* Debug */,
				43FFBB29153A0D97009E0751 /* Release */,
			);
			defaultConfigurationIsVisible = 0;
			defaultConfigurationName = Release;
		};
		43FFBB2A153A0D97009E0751 /* Build configuration list for PBXNativeTarget "photohunt" */ = {
			isa = XCConfigurationList;
			buildConfigurations = (
				43FFBB2B153A0D97009E0751 /* Debug */,
				43FFBB2C153A0D97009E0751 /* Release */,
			);
			defaultConfigurationIsVisible = 0;
		};
/* End XCConfigurationList section */
	};
	rootObject = 43FFBB09153A0D97009E0751 /* Project object */;
}
